// !$*UTF8*$!
{
	archiveVersion = 1;
	classes = {
	};
	objectVersion = 46;
	objects = {

/* Begin PBXBuildFile section */
		08B8ED1E7B55B560B635A10E /* Pods_pairedUP.framework in Frameworks */ = {isa = PBXBuildFile; fileRef = 297863195D14C9F88569478B /* Pods_pairedUP.framework */; };
		4A01F7D81C5875300011C9A9 /* UserAccountTableViewCell.m in Sources */ = {isa = PBXBuildFile; fileRef = 4A01F7D71C5875300011C9A9 /* UserAccountTableViewCell.m */; };
		4A01F7DB1C58C5980011C9A9 /* FBAlbumsViewController.m in Sources */ = {isa = PBXBuildFile; fileRef = 4A01F7DA1C58C5980011C9A9 /* FBAlbumsViewController.m */; };
		4A0B080D1C583E170097C72C /* PhotosCollectionViewController.xib in Resources */ = {isa = PBXBuildFile; fileRef = 4A0B080C1C583E170097C72C /* PhotosCollectionViewController.xib */; };
		4A0B080F1C5847F70097C72C /* PhotosCollectionViewCell.xib in Resources */ = {isa = PBXBuildFile; fileRef = 4A0B080E1C5847F70097C72C /* PhotosCollectionViewCell.xib */; };
		4A0B08131C58500F0097C72C /* PhotosViewController.m in Sources */ = {isa = PBXBuildFile; fileRef = 4A0B08111C58500F0097C72C /* PhotosViewController.m */; };
		4A0B08141C58500F0097C72C /* PhotosViewController.xib in Resources */ = {isa = PBXBuildFile; fileRef = 4A0B08121C58500F0097C72C /* PhotosViewController.xib */; };
		4A12DDF01C49F10A0068D79C /* MessagesViewController.m in Sources */ = {isa = PBXBuildFile; fileRef = 4A12DDEF1C49F10A0068D79C /* MessagesViewController.m */; };
		4A12DDF91C49F4260068D79C /* ModelData.m in Sources */ = {isa = PBXBuildFile; fileRef = 4A12DDF81C49F4260068D79C /* ModelData.m */; };
		4A12DDFF1C49F6140068D79C /* NSUserDefaults+Settings.m in Sources */ = {isa = PBXBuildFile; fileRef = 4A12DDFE1C49F6140068D79C /* NSUserDefaults+Settings.m */; };
		4A12DE421C4A1A230068D79C /* JSQMessagesAssets.bundle in Resources */ = {isa = PBXBuildFile; fileRef = 4A12DE411C4A1A230068D79C /* JSQMessagesAssets.bundle */; };
		4A12DE4D1C4A60890068D79C /* Keira-Knightley_A-Cute-Woman_441.jpg in Resources */ = {isa = PBXBuildFile; fileRef = 4A12DE4C1C4A60890068D79C /* Keira-Knightley_A-Cute-Woman_441.jpg */; };
		4A12DE501C4C6EEC0068D79C /* UserData.m in Sources */ = {isa = PBXBuildFile; fileRef = 4A12DE4F1C4C6EEC0068D79C /* UserData.m */; };
		4A12DE521C4C756B0068D79C /* original.jpg in Resources */ = {isa = PBXBuildFile; fileRef = 4A12DE511C4C756B0068D79C /* original.jpg */; };
		4A12DE551C4C75840068D79C /* images-3.jpeg in Resources */ = {isa = PBXBuildFile; fileRef = 4A12DE531C4C75840068D79C /* images-3.jpeg */; };
		4A12DE561C4C75840068D79C /* 6956323-cute-girl-photos.jpg in Resources */ = {isa = PBXBuildFile; fileRef = 4A12DE541C4C75840068D79C /* 6956323-cute-girl-photos.jpg */; };
		4A12E7A11BFB0EEA000ECD59 /* UserMenuViewController.m in Sources */ = {isa = PBXBuildFile; fileRef = 4A12E7A01BFB0EEA000ECD59 /* UserMenuViewController.m */; };
		4A12E7A71BFC32EB000ECD59 /* ProfileViewController.m in Sources */ = {isa = PBXBuildFile; fileRef = 4A12E7A61BFC32EB000ECD59 /* ProfileViewController.m */; };
		4A1D714B1C3B28E400F0B6B8 /* UserAlbumsViewController.m in Sources */ = {isa = PBXBuildFile; fileRef = 4A1D714A1C3B28E300F0B6B8 /* UserAlbumsViewController.m */; };
		4A1EDE5B1C5054E600DF3087 /* .gitignore in Resources */ = {isa = PBXBuildFile; fileRef = 4A1EDE5A1C5054E600DF3087 /* .gitignore */; };
		4A256ADC1BE49248006CD39E /* linkedin_icon.png in Resources */ = {isa = PBXBuildFile; fileRef = 4A256ADB1BE49248006CD39E /* linkedin_icon.png */; };
		4A256ADE1BE49269006CD39E /* facebook_icon.png in Resources */ = {isa = PBXBuildFile; fileRef = 4A256ADD1BE49269006CD39E /* facebook_icon.png */; };
		4A256AE21BE4929C006CD39E /* snapchat_icon.png in Resources */ = {isa = PBXBuildFile; fileRef = 4A256AE11BE4929C006CD39E /* snapchat_icon.png */; };
		4A256AEA1BE4950B006CD39E /* instagram_icon1.png in Resources */ = {isa = PBXBuildFile; fileRef = 4A256AE91BE4950B006CD39E /* instagram_icon1.png */; };
		4A256AEC1BE59B8E006CD39E /* checkedbox.png in Resources */ = {isa = PBXBuildFile; fileRef = 4A256AEB1BE59B8E006CD39E /* checkedbox.png */; };
		4A256AEE1BE59BB0006CD39E /* checkbox.png in Resources */ = {isa = PBXBuildFile; fileRef = 4A256AED1BE59BB0006CD39E /* checkbox.png */; };
		4A29E0ED1C560E570075F730 /* SystemConfiguration.framework in Frameworks */ = {isa = PBXBuildFile; fileRef = 4A29E0EC1C560E570075F730 /* SystemConfiguration.framework */; };
		4A3440611C508EBB00AD5E89 /* NotificationLayover.m in Sources */ = {isa = PBXBuildFile; fileRef = 4A3440601C508EBB00AD5E89 /* NotificationLayover.m */; };
		4A46C3011BF6F34000FF9B46 /* ProfilePictureViewController.m in Sources */ = {isa = PBXBuildFile; fileRef = 4A46C3001BF6F34000FF9B46 /* ProfilePictureViewController.m */; };
		4A6054631C5C457700BA6CB9 /* Login.m in Sources */ = {isa = PBXBuildFile; fileRef = 4A6054621C5C457700BA6CB9 /* Login.m */; };
		4A705C951BF598410084B23C /* Sign-in-Large---Default.png in Resources */ = {isa = PBXBuildFile; fileRef = 4A705C941BF598410084B23C /* Sign-in-Large---Default.png */; };
		4A705C971BF598620084B23C /* Sign-In-Large---Default-ret.png in Resources */ = {isa = PBXBuildFile; fileRef = 4A705C961BF598620084B23C /* Sign-In-Large---Default-ret.png */; };
		4A8095151C436B9200C7295A /* SwipeAlbumViewController.m in Sources */ = {isa = PBXBuildFile; fileRef = 4A8095141C436B9200C7295A /* SwipeAlbumViewController.m */; };
		4A8606641C598394006D4E4D /* BioInfoViewController.m in Sources */ = {isa = PBXBuildFile; fileRef = 4A8606631C598394006D4E4D /* BioInfoViewController.m */; };
		4A86E7A41BCF709800DF3F8A /* PhotosCollectionViewCell.m in Sources */ = {isa = PBXBuildFile; fileRef = 4A86E7A31BCF709600DF3F8A /* PhotosCollectionViewCell.m */; };
		4A92A38E1C057F1B00E12000 /* 1448450737_back.png in Resources */ = {isa = PBXBuildFile; fileRef = 4A92A38D1C057F1B00E12000 /* 1448450737_back.png */; };
		4A92A3921C0584A300E12000 /* 1448452123_info-1.png in Resources */ = {isa = PBXBuildFile; fileRef = 4A92A3911C0584A300E12000 /* 1448452123_info-1.png */; };
		4A92A3941C0586C600E12000 /* 1448452694_settings.png in Resources */ = {isa = PBXBuildFile; fileRef = 4A92A3931C0586C600E12000 /* 1448452694_settings.png */; };
		4A92A3981C07D0BB00E12000 /* peace-sign-hand.png in Resources */ = {isa = PBXBuildFile; fileRef = 4A92A3971C07D0BB00E12000 /* peace-sign-hand.png */; };
		4A99BF331BE72BF000356805 /* Edit.png in Resources */ = {isa = PBXBuildFile; fileRef = 4A99BF321BE72BF000356805 /* Edit.png */; };
		4A99BF381BE7380900356805 /* image_placeholder.png in Resources */ = {isa = PBXBuildFile; fileRef = 4A99BF371BE7380900356805 /* image_placeholder.png */; };
		4AB8E3A71C4627A1007BA38D /* NewMatchViewController.m in Sources */ = {isa = PBXBuildFile; fileRef = 4AB8E3A61C4627A1007BA38D /* NewMatchViewController.m */; };
		4AB8E3AA1C463BB4007BA38D /* LockedNewMatchViewController.m in Sources */ = {isa = PBXBuildFile; fileRef = 4AB8E3A91C463BB4007BA38D /* LockedNewMatchViewController.m */; };
		4AB9489A1BD2F746002FEDE0 /* SinglePhotoViewController.m in Sources */ = {isa = PBXBuildFile; fileRef = 4AB948991BD2F746002FEDE0 /* SinglePhotoViewController.m */; };
		4ABB5B9C1BC8BCB600BEA3EF /* main.m in Sources */ = {isa = PBXBuildFile; fileRef = 4ABB5B9B1BC8BCB600BEA3EF /* main.m */; };
		4ABB5B9F1BC8BCB700BEA3EF /* AppDelegate.m in Sources */ = {isa = PBXBuildFile; fileRef = 4ABB5B9E1BC8BCB700BEA3EF /* AppDelegate.m */; };
		4ABB5BA81BC8BCB700BEA3EF /* portal.xcdatamodeld in Sources */ = {isa = PBXBuildFile; fileRef = 4ABB5BA61BC8BCB700BEA3EF /* portal.xcdatamodeld */; };
		4ABB5BAA1BC8BCB700BEA3EF /* Assets.xcassets in Resources */ = {isa = PBXBuildFile; fileRef = 4ABB5BA91BC8BCB700BEA3EF /* Assets.xcassets */; };
		4ABB5BAD1BC8BCB700BEA3EF /* LaunchScreen.storyboard in Resources */ = {isa = PBXBuildFile; fileRef = 4ABB5BAB1BC8BCB700BEA3EF /* LaunchScreen.storyboard */; };
		4ABB5BB81BC8BCB700BEA3EF /* portalTests.m in Sources */ = {isa = PBXBuildFile; fileRef = 4ABB5BB71BC8BCB700BEA3EF /* portalTests.m */; };
		4ABB5BC31BC8BCB700BEA3EF /* portalUITests.m in Sources */ = {isa = PBXBuildFile; fileRef = 4ABB5BC21BC8BCB700BEA3EF /* portalUITests.m */; };
		4ABB5BD41BC8BD1600BEA3EF /* FBSDKCoreKit.framework in Frameworks */ = {isa = PBXBuildFile; fileRef = 4ABB5BD11BC8BD1600BEA3EF /* FBSDKCoreKit.framework */; };
		4ABB5BD51BC8BD1600BEA3EF /* FBSDKLoginKit.framework in Frameworks */ = {isa = PBXBuildFile; fileRef = 4ABB5BD21BC8BD1600BEA3EF /* FBSDKLoginKit.framework */; };
		4ABB5BD61BC8BD1600BEA3EF /* FBSDKShareKit.framework in Frameworks */ = {isa = PBXBuildFile; fileRef = 4ABB5BD31BC8BD1600BEA3EF /* FBSDKShareKit.framework */; };
		4ABB5BDD1BC8BEC400BEA3EF /* DeviceManager.m in Sources */ = {isa = PBXBuildFile; fileRef = 4ABB5BDC1BC8BEC400BEA3EF /* DeviceManager.m */; };
		4ABB5BE41BC8C11900BEA3EF /* ViewController.m in Sources */ = {isa = PBXBuildFile; fileRef = 4ABB5BE31BC8C11900BEA3EF /* ViewController.m */; };
		4ABB5BE71BC8C31400BEA3EF /* DataAccess.m in Sources */ = {isa = PBXBuildFile; fileRef = 4ABB5BE61BC8C31400BEA3EF /* DataAccess.m */; };
		4ABB5BF01BC9D5D800BEA3EF /* PhotoManager.m in Sources */ = {isa = PBXBuildFile; fileRef = 4ABB5BEF1BC9D5D800BEA3EF /* PhotoManager.m */; };
		4ABB5BF71BC9D78100BEA3EF /* AccountViewController.m in Sources */ = {isa = PBXBuildFile; fileRef = 4ABB5BF61BC9D78100BEA3EF /* AccountViewController.m */; };
		4AC91BDF1C6091120078CBD0 /* CERangeSlider.m in Sources */ = {isa = PBXBuildFile; fileRef = 4AC91BDE1C6091120078CBD0 /* CERangeSlider.m */; };
		4AC91BE21C60AC470078CBD0 /* CERangeSliderKnobLayer.m in Sources */ = {isa = PBXBuildFile; fileRef = 4AC91BE11C60AC470078CBD0 /* CERangeSliderKnobLayer.m */; };
		4AC91BE51C60B08C0078CBD0 /* CERangeSliderTrackLayer.m in Sources */ = {isa = PBXBuildFile; fileRef = 4AC91BE41C60B08C0078CBD0 /* CERangeSliderTrackLayer.m */; };
		4AC91BE81C620D190078CBD0 /* DistanceRangeSlider.m in Sources */ = {isa = PBXBuildFile; fileRef = 4AC91BE71C620D190078CBD0 /* DistanceRangeSlider.m */; };
		4AC9A8721C4C875F0096350D /* MatchProfileViewController.m in Sources */ = {isa = PBXBuildFile; fileRef = 4AC9A8711C4C875F0096350D /* MatchProfileViewController.m */; };
		4AC9A8741C4DA6B00096350D /* 1453179218_chat.png in Resources */ = {isa = PBXBuildFile; fileRef = 4AC9A8731C4DA6B00096350D /* 1453179218_chat.png */; };
		4AC9A8771C4F75820096350D /* RelationshipMatchViewController.m in Sources */ = {isa = PBXBuildFile; fileRef = 4AC9A8761C4F75820096350D /* RelationshipMatchViewController.m */; };
		4ADCA12D1C1E9804002A018B /* DraggableView.m in Sources */ = {isa = PBXBuildFile; fileRef = 4ADCA1281C1E9804002A018B /* DraggableView.m */; };
		4ADCA12E1C1E9804002A018B /* DraggableViewBackground.m in Sources */ = {isa = PBXBuildFile; fileRef = 4ADCA12A1C1E9804002A018B /* DraggableViewBackground.m */; };
		4ADCA12F1C1E9804002A018B /* OverlayView.m in Sources */ = {isa = PBXBuildFile; fileRef = 4ADCA12C1C1E9804002A018B /* OverlayView.m */; };
		4ADCA1321C1E9920002A018B /* SwipeViewController.m in Sources */ = {isa = PBXBuildFile; fileRef = 4ADCA1311C1E9920002A018B /* SwipeViewController.m */; };
		4ADCA1341C1E9AB1002A018B /* Oval 3 + Rectangle 11-1.png in Resources */ = {isa = PBXBuildFile; fileRef = 4ADCA1331C1E9AB1002A018B /* Oval 3 + Rectangle 11-1.png */; };
		4ADCA1361C1E9B47002A018B /* yesButton-01-1.png in Resources */ = {isa = PBXBuildFile; fileRef = 4ADCA1351C1E9B47002A018B /* yesButton-01-1.png */; };
		4ADCA1381C1E9B62002A018B /* noButton-01-1.png in Resources */ = {isa = PBXBuildFile; fileRef = 4ADCA1371C1E9B62002A018B /* noButton-01-1.png */; };
		4ADCA13A1C1E9B75002A018B /* Oval 2 + Rectangle 10-1.png in Resources */ = {isa = PBXBuildFile; fileRef = 4ADCA1391C1E9B75002A018B /* Oval 2 + Rectangle 10-1.png */; };
		4AF804751C5EE699004BA598 /* LandingViewController.m in Sources */ = {isa = PBXBuildFile; fileRef = 4AF804741C5EE699004BA598 /* LandingViewController.m */; };
		4AF804781C5F1DBE004BA598 /* IntroductionDraggableView.m in Sources */ = {isa = PBXBuildFile; fileRef = 4AF804771C5F1DBE004BA598 /* IntroductionDraggableView.m */; };
		4AF8047B1C5F20F8004BA598 /* IntroductionViewBackground.m in Sources */ = {isa = PBXBuildFile; fileRef = 4AF8047A1C5F20F8004BA598 /* IntroductionViewBackground.m */; };
		4AF8047E1C5F31C2004BA598 /* IntroductionViewController.m in Sources */ = {isa = PBXBuildFile; fileRef = 4AF8047D1C5F31C2004BA598 /* IntroductionViewController.m */; };
		4AFC396F1C099D38004E7262 /* SettingsViewController.m in Sources */ = {isa = PBXBuildFile; fileRef = 4AFC396E1C099D38004E7262 /* SettingsViewController.m */; };
		4AFC39711C0A5AEA004E7262 /* 1448769105_down4-1.png in Resources */ = {isa = PBXBuildFile; fileRef = 4AFC39701C0A5AEA004E7262 /* 1448769105_down4-1.png */; };
		4AFC39751C0A5D86004E7262 /* 1448769786_share-2.png in Resources */ = {isa = PBXBuildFile; fileRef = 4AFC39741C0A5D86004E7262 /* 1448769786_share-2.png */; };
		4AFC39791C0A6766004E7262 /* 1448772307_Streamline-76.png in Resources */ = {isa = PBXBuildFile; fileRef = 4AFC39781C0A6766004E7262 /* 1448772307_Streamline-76.png */; };
		4AFC397D1C0A6A13004E7262 /* 1448772977_snapchat.png in Resources */ = {isa = PBXBuildFile; fileRef = 4AFC397C1C0A6A13004E7262 /* 1448772977_snapchat.png */; };
		4AFC39851C0ACC2E004E7262 /* 1448798067_instagram.png in Resources */ = {isa = PBXBuildFile; fileRef = 4AFC39841C0ACC2E004E7262 /* 1448798067_instagram.png */; };
		4AFC39871C0ACCB3004E7262 /* 1448798253_facebook.png in Resources */ = {isa = PBXBuildFile; fileRef = 4AFC39861C0ACCB3004E7262 /* 1448798253_facebook.png */; };
		4AFC39891C0ACD27004E7262 /* 1448798373_linkedin.png in Resources */ = {isa = PBXBuildFile; fileRef = 4AFC39881C0ACD27004E7262 /* 1448798373_linkedin.png */; };
		F98AD2EC1C55CA89001FD5F2 /* NSMutableURLRequest+OAuth.m in Sources */ = {isa = PBXBuildFile; fileRef = F98AD2E71C55CA89001FD5F2 /* NSMutableURLRequest+OAuth.m */; };
		F98AD2ED1C55CA89001FD5F2 /* OAuthToken.m in Sources */ = {isa = PBXBuildFile; fileRef = F98AD2E91C55CA89001FD5F2 /* OAuthToken.m */; };
		F98AD2EE1C55CA89001FD5F2 /* OAuthServices.m in Sources */ = {isa = PBXBuildFile; fileRef = F98AD2EB1C55CA89001FD5F2 /* OAuthServices.m */; };
		F98AD2F11C55CBEA001FD5F2 /* GlobalConstants.m in Sources */ = {isa = PBXBuildFile; fileRef = F98AD2F01C55CBEA001FD5F2 /* GlobalConstants.m */; };
		F98AD2F81C55D09E001FD5F2 /* NSMutableData+AES.m in Sources */ = {isa = PBXBuildFile; fileRef = F98AD2F31C55D09E001FD5F2 /* NSMutableData+AES.m */; };
		F98AD2F91C55D09E001FD5F2 /* NSURL+QueryParser.m in Sources */ = {isa = PBXBuildFile; fileRef = F98AD2F51C55D09E001FD5F2 /* NSURL+QueryParser.m */; };
		F98AD2FA1C55D09E001FD5F2 /* NSString+URLEncoding.m in Sources */ = {isa = PBXBuildFile; fileRef = F98AD2F71C55D09E001FD5F2 /* NSString+URLEncoding.m */; };
		F98AD2FD1C55D157001FD5F2 /* OAuthSecurity.m in Sources */ = {isa = PBXBuildFile; fileRef = F98AD2FC1C55D157001FD5F2 /* OAuthSecurity.m */; };
		F98AD3021C55D390001FD5F2 /* CoreFoundation.framework in Frameworks */ = {isa = PBXBuildFile; fileRef = F98AD3001C55D390001FD5F2 /* CoreFoundation.framework */; };
		F98AD3031C55D390001FD5F2 /* Foundation.framework in Frameworks */ = {isa = PBXBuildFile; fileRef = F98AD3011C55D390001FD5F2 /* Foundation.framework */; };
		F98AD3051C55D3BD001FD5F2 /* MobileCoreServices.framework in Frameworks */ = {isa = PBXBuildFile; fileRef = F98AD3041C55D3BD001FD5F2 /* MobileCoreServices.framework */; };
/* End PBXBuildFile section */

/* Begin PBXContainerItemProxy section */
		4ABB5BB41BC8BCB700BEA3EF /* PBXContainerItemProxy */ = {
			isa = PBXContainerItemProxy;
			containerPortal = 4ABB5B8F1BC8BCB600BEA3EF /* Project object */;
			proxyType = 1;
			remoteGlobalIDString = 4ABB5B961BC8BCB600BEA3EF;
			remoteInfo = portal;
		};
		4ABB5BBF1BC8BCB700BEA3EF /* PBXContainerItemProxy */ = {
			isa = PBXContainerItemProxy;
			containerPortal = 4ABB5B8F1BC8BCB600BEA3EF /* Project object */;
			proxyType = 1;
			remoteGlobalIDString = 4ABB5B961BC8BCB600BEA3EF;
			remoteInfo = portal;
		};
/* End PBXContainerItemProxy section */

/* Begin PBXFileReference section */
		1110F5D6FF2B08449712BE0B /* Pods-pairedUP.debug.xcconfig */ = {isa = PBXFileReference; includeInIndex = 1; lastKnownFileType = text.xcconfig; name = "Pods-pairedUP.debug.xcconfig"; path = "Pods/Target Support Files/Pods-pairedUP/Pods-pairedUP.debug.xcconfig"; sourceTree = "<group>"; };
		297863195D14C9F88569478B /* Pods_pairedUP.framework */ = {isa = PBXFileReference; explicitFileType = wrapper.framework; includeInIndex = 0; path = Pods_pairedUP.framework; sourceTree = BUILT_PRODUCTS_DIR; };
		4A01F7D61C5875300011C9A9 /* UserAccountTableViewCell.h */ = {isa = PBXFileReference; fileEncoding = 4; lastKnownFileType = sourcecode.c.h; path = UserAccountTableViewCell.h; sourceTree = "<group>"; };
		4A01F7D71C5875300011C9A9 /* UserAccountTableViewCell.m */ = {isa = PBXFileReference; fileEncoding = 4; lastKnownFileType = sourcecode.c.objc; path = UserAccountTableViewCell.m; sourceTree = "<group>"; };
		4A01F7D91C58C5980011C9A9 /* FBAlbumsViewController.h */ = {isa = PBXFileReference; fileEncoding = 4; lastKnownFileType = sourcecode.c.h; path = FBAlbumsViewController.h; sourceTree = "<group>"; };
		4A01F7DA1C58C5980011C9A9 /* FBAlbumsViewController.m */ = {isa = PBXFileReference; fileEncoding = 4; lastKnownFileType = sourcecode.c.objc; path = FBAlbumsViewController.m; sourceTree = "<group>"; };
		4A0B080C1C583E170097C72C /* PhotosCollectionViewController.xib */ = {isa = PBXFileReference; fileEncoding = 4; lastKnownFileType = file.xib; path = PhotosCollectionViewController.xib; sourceTree = "<group>"; };
		4A0B080E1C5847F70097C72C /* PhotosCollectionViewCell.xib */ = {isa = PBXFileReference; fileEncoding = 4; lastKnownFileType = file.xib; path = PhotosCollectionViewCell.xib; sourceTree = "<group>"; };
		4A0B08101C58500F0097C72C /* PhotosViewController.h */ = {isa = PBXFileReference; fileEncoding = 4; lastKnownFileType = sourcecode.c.h; path = PhotosViewController.h; sourceTree = "<group>"; };
		4A0B08111C58500F0097C72C /* PhotosViewController.m */ = {isa = PBXFileReference; fileEncoding = 4; lastKnownFileType = sourcecode.c.objc; path = PhotosViewController.m; sourceTree = "<group>"; };
		4A0B08121C58500F0097C72C /* PhotosViewController.xib */ = {isa = PBXFileReference; fileEncoding = 4; lastKnownFileType = file.xib; path = PhotosViewController.xib; sourceTree = "<group>"; };
		4A12DDEE1C49F10A0068D79C /* MessagesViewController.h */ = {isa = PBXFileReference; fileEncoding = 4; lastKnownFileType = sourcecode.c.h; path = MessagesViewController.h; sourceTree = "<group>"; };
		4A12DDEF1C49F10A0068D79C /* MessagesViewController.m */ = {isa = PBXFileReference; fileEncoding = 4; lastKnownFileType = sourcecode.c.objc; path = MessagesViewController.m; sourceTree = "<group>"; };
		4A12DDF71C49F4260068D79C /* ModelData.h */ = {isa = PBXFileReference; fileEncoding = 4; lastKnownFileType = sourcecode.c.h; path = ModelData.h; sourceTree = "<group>"; };
		4A12DDF81C49F4260068D79C /* ModelData.m */ = {isa = PBXFileReference; fileEncoding = 4; lastKnownFileType = sourcecode.c.objc; path = ModelData.m; sourceTree = "<group>"; };
		4A12DDFD1C49F6140068D79C /* NSUserDefaults+Settings.h */ = {isa = PBXFileReference; fileEncoding = 4; lastKnownFileType = sourcecode.c.h; path = "NSUserDefaults+Settings.h"; sourceTree = "<group>"; };
		4A12DDFE1C49F6140068D79C /* NSUserDefaults+Settings.m */ = {isa = PBXFileReference; fileEncoding = 4; lastKnownFileType = sourcecode.c.objc; path = "NSUserDefaults+Settings.m"; sourceTree = "<group>"; };
		4A12DE411C4A1A230068D79C /* JSQMessagesAssets.bundle */ = {isa = PBXFileReference; lastKnownFileType = "wrapper.plug-in"; path = JSQMessagesAssets.bundle; sourceTree = "<group>"; };
		4A12DE4C1C4A60890068D79C /* Keira-Knightley_A-Cute-Woman_441.jpg */ = {isa = PBXFileReference; lastKnownFileType = image.jpeg; path = "Keira-Knightley_A-Cute-Woman_441.jpg"; sourceTree = "<group>"; };
		4A12DE4E1C4C6EEC0068D79C /* UserData.h */ = {isa = PBXFileReference; fileEncoding = 4; lastKnownFileType = sourcecode.c.h; path = UserData.h; sourceTree = "<group>"; };
		4A12DE4F1C4C6EEC0068D79C /* UserData.m */ = {isa = PBXFileReference; fileEncoding = 4; lastKnownFileType = sourcecode.c.objc; path = UserData.m; sourceTree = "<group>"; };
		4A12DE511C4C756B0068D79C /* original.jpg */ = {isa = PBXFileReference; lastKnownFileType = image.jpeg; path = original.jpg; sourceTree = "<group>"; };
		4A12DE531C4C75840068D79C /* images-3.jpeg */ = {isa = PBXFileReference; lastKnownFileType = image.jpeg; path = "images-3.jpeg"; sourceTree = "<group>"; };
		4A12DE541C4C75840068D79C /* 6956323-cute-girl-photos.jpg */ = {isa = PBXFileReference; lastKnownFileType = image.jpeg; path = "6956323-cute-girl-photos.jpg"; sourceTree = "<group>"; };
		4A12E79F1BFB0EEA000ECD59 /* UserMenuViewController.h */ = {isa = PBXFileReference; fileEncoding = 4; lastKnownFileType = sourcecode.c.h; path = UserMenuViewController.h; sourceTree = "<group>"; };
		4A12E7A01BFB0EEA000ECD59 /* UserMenuViewController.m */ = {isa = PBXFileReference; fileEncoding = 4; lastKnownFileType = sourcecode.c.objc; path = UserMenuViewController.m; sourceTree = "<group>"; };
		4A12E7A51BFC32EB000ECD59 /* ProfileViewController.h */ = {isa = PBXFileReference; fileEncoding = 4; lastKnownFileType = sourcecode.c.h; path = ProfileViewController.h; sourceTree = "<group>"; };
		4A12E7A61BFC32EB000ECD59 /* ProfileViewController.m */ = {isa = PBXFileReference; fileEncoding = 4; lastKnownFileType = sourcecode.c.objc; path = ProfileViewController.m; sourceTree = "<group>"; };
		4A1D71491C3B28E300F0B6B8 /* UserAlbumsViewController.h */ = {isa = PBXFileReference; fileEncoding = 4; lastKnownFileType = sourcecode.c.h; path = UserAlbumsViewController.h; sourceTree = "<group>"; };
		4A1D714A1C3B28E300F0B6B8 /* UserAlbumsViewController.m */ = {isa = PBXFileReference; fileEncoding = 4; lastKnownFileType = sourcecode.c.objc; path = UserAlbumsViewController.m; sourceTree = "<group>"; };
		4A1EDE5A1C5054E600DF3087 /* .gitignore */ = {isa = PBXFileReference; fileEncoding = 4; lastKnownFileType = text; path = .gitignore; sourceTree = "<group>"; };
		4A256ADB1BE49248006CD39E /* linkedin_icon.png */ = {isa = PBXFileReference; lastKnownFileType = image.png; path = linkedin_icon.png; sourceTree = "<group>"; };
		4A256ADD1BE49269006CD39E /* facebook_icon.png */ = {isa = PBXFileReference; lastKnownFileType = image.png; path = facebook_icon.png; sourceTree = "<group>"; };
		4A256AE11BE4929C006CD39E /* snapchat_icon.png */ = {isa = PBXFileReference; lastKnownFileType = image.png; path = snapchat_icon.png; sourceTree = "<group>"; };
		4A256AE91BE4950B006CD39E /* instagram_icon1.png */ = {isa = PBXFileReference; lastKnownFileType = image.png; path = instagram_icon1.png; sourceTree = "<group>"; };
		4A256AEB1BE59B8E006CD39E /* checkedbox.png */ = {isa = PBXFileReference; lastKnownFileType = image.png; path = checkedbox.png; sourceTree = "<group>"; };
		4A256AED1BE59BB0006CD39E /* checkbox.png */ = {isa = PBXFileReference; lastKnownFileType = image.png; path = checkbox.png; sourceTree = "<group>"; };
		4A29E0EA1C560E150075F730 /* libz.tbd */ = {isa = PBXFileReference; lastKnownFileType = "sourcecode.text-based-dylib-definition"; name = libz.tbd; path = usr/lib/libz.tbd; sourceTree = SDKROOT; };
		4A29E0EC1C560E570075F730 /* SystemConfiguration.framework */ = {isa = PBXFileReference; lastKnownFileType = wrapper.framework; name = SystemConfiguration.framework; path = System/Library/Frameworks/SystemConfiguration.framework; sourceTree = SDKROOT; };
		4A34405F1C508EBB00AD5E89 /* NotificationLayover.h */ = {isa = PBXFileReference; fileEncoding = 4; lastKnownFileType = sourcecode.c.h; path = NotificationLayover.h; sourceTree = "<group>"; };
		4A3440601C508EBB00AD5E89 /* NotificationLayover.m */ = {isa = PBXFileReference; fileEncoding = 4; lastKnownFileType = sourcecode.c.objc; path = NotificationLayover.m; sourceTree = "<group>"; };
		4A46C2FF1BF6F34000FF9B46 /* ProfilePictureViewController.h */ = {isa = PBXFileReference; fileEncoding = 4; lastKnownFileType = sourcecode.c.h; path = ProfilePictureViewController.h; sourceTree = "<group>"; };
		4A46C3001BF6F34000FF9B46 /* ProfilePictureViewController.m */ = {isa = PBXFileReference; fileEncoding = 4; lastKnownFileType = sourcecode.c.objc; path = ProfilePictureViewController.m; sourceTree = "<group>"; };
		4A6054611C5C457700BA6CB9 /* Login.h */ = {isa = PBXFileReference; fileEncoding = 4; lastKnownFileType = sourcecode.c.h; path = Login.h; sourceTree = "<group>"; };
		4A6054621C5C457700BA6CB9 /* Login.m */ = {isa = PBXFileReference; fileEncoding = 4; lastKnownFileType = sourcecode.c.objc; path = Login.m; sourceTree = "<group>"; };
		4A705C941BF598410084B23C /* Sign-in-Large---Default.png */ = {isa = PBXFileReference; lastKnownFileType = image.png; path = "Sign-in-Large---Default.png"; sourceTree = "<group>"; };
		4A705C961BF598620084B23C /* Sign-In-Large---Default-ret.png */ = {isa = PBXFileReference; lastKnownFileType = image.png; path = "Sign-In-Large---Default-ret.png"; sourceTree = "<group>"; };
		4A8095131C436B9100C7295A /* SwipeAlbumViewController.h */ = {isa = PBXFileReference; fileEncoding = 4; lastKnownFileType = sourcecode.c.h; path = SwipeAlbumViewController.h; sourceTree = "<group>"; };
		4A8095141C436B9200C7295A /* SwipeAlbumViewController.m */ = {isa = PBXFileReference; fileEncoding = 4; lastKnownFileType = sourcecode.c.objc; path = SwipeAlbumViewController.m; sourceTree = "<group>"; };
		4A8606621C598394006D4E4D /* BioInfoViewController.h */ = {isa = PBXFileReference; fileEncoding = 4; lastKnownFileType = sourcecode.c.h; path = BioInfoViewController.h; sourceTree = "<group>"; };
		4A8606631C598394006D4E4D /* BioInfoViewController.m */ = {isa = PBXFileReference; fileEncoding = 4; lastKnownFileType = sourcecode.c.objc; path = BioInfoViewController.m; sourceTree = "<group>"; };
		4A86E7A21BCF709600DF3F8A /* PhotosCollectionViewCell.h */ = {isa = PBXFileReference; fileEncoding = 4; lastKnownFileType = sourcecode.c.h; path = PhotosCollectionViewCell.h; sourceTree = "<group>"; };
		4A86E7A31BCF709600DF3F8A /* PhotosCollectionViewCell.m */ = {isa = PBXFileReference; fileEncoding = 4; lastKnownFileType = sourcecode.c.objc; path = PhotosCollectionViewCell.m; sourceTree = "<group>"; };
		4A92A38D1C057F1B00E12000 /* 1448450737_back.png */ = {isa = PBXFileReference; lastKnownFileType = image.png; path = 1448450737_back.png; sourceTree = "<group>"; };
		4A92A3911C0584A300E12000 /* 1448452123_info-1.png */ = {isa = PBXFileReference; lastKnownFileType = image.png; name = "1448452123_info-1.png"; path = "Assets.xcassets/connections.imageset/1448452123_info-1.png"; sourceTree = "<group>"; };
		4A92A3931C0586C600E12000 /* 1448452694_settings.png */ = {isa = PBXFileReference; lastKnownFileType = image.png; path = 1448452694_settings.png; sourceTree = "<group>"; };
		4A92A3971C07D0BB00E12000 /* peace-sign-hand.png */ = {isa = PBXFileReference; lastKnownFileType = image.png; path = "peace-sign-hand.png"; sourceTree = "<group>"; };
		4A99BF321BE72BF000356805 /* Edit.png */ = {isa = PBXFileReference; lastKnownFileType = image.png; path = Edit.png; sourceTree = "<group>"; };
		4A99BF371BE7380900356805 /* image_placeholder.png */ = {isa = PBXFileReference; lastKnownFileType = image.png; path = image_placeholder.png; sourceTree = "<group>"; };
		4AB8E3A51C4627A1007BA38D /* NewMatchViewController.h */ = {isa = PBXFileReference; fileEncoding = 4; lastKnownFileType = sourcecode.c.h; path = NewMatchViewController.h; sourceTree = "<group>"; };
		4AB8E3A61C4627A1007BA38D /* NewMatchViewController.m */ = {isa = PBXFileReference; fileEncoding = 4; lastKnownFileType = sourcecode.c.objc; path = NewMatchViewController.m; sourceTree = "<group>"; };
		4AB8E3A81C463BB4007BA38D /* LockedNewMatchViewController.h */ = {isa = PBXFileReference; fileEncoding = 4; lastKnownFileType = sourcecode.c.h; path = LockedNewMatchViewController.h; sourceTree = "<group>"; };
		4AB8E3A91C463BB4007BA38D /* LockedNewMatchViewController.m */ = {isa = PBXFileReference; fileEncoding = 4; lastKnownFileType = sourcecode.c.objc; path = LockedNewMatchViewController.m; sourceTree = "<group>"; };
		4AB948981BD2F746002FEDE0 /* SinglePhotoViewController.h */ = {isa = PBXFileReference; fileEncoding = 4; lastKnownFileType = sourcecode.c.h; path = SinglePhotoViewController.h; sourceTree = "<group>"; };
		4AB948991BD2F746002FEDE0 /* SinglePhotoViewController.m */ = {isa = PBXFileReference; fileEncoding = 4; lastKnownFileType = sourcecode.c.objc; path = SinglePhotoViewController.m; sourceTree = "<group>"; };
		4ABB5B971BC8BCB600BEA3EF /* pairedUP.app */ = {isa = PBXFileReference; explicitFileType = wrapper.application; includeInIndex = 0; path = pairedUP.app; sourceTree = BUILT_PRODUCTS_DIR; };
		4ABB5B9B1BC8BCB600BEA3EF /* main.m */ = {isa = PBXFileReference; lastKnownFileType = sourcecode.c.objc; path = main.m; sourceTree = "<group>"; };
		4ABB5B9D1BC8BCB600BEA3EF /* AppDelegate.h */ = {isa = PBXFileReference; lastKnownFileType = sourcecode.c.h; path = AppDelegate.h; sourceTree = "<group>"; };
		4ABB5B9E1BC8BCB700BEA3EF /* AppDelegate.m */ = {isa = PBXFileReference; lastKnownFileType = sourcecode.c.objc; path = AppDelegate.m; sourceTree = "<group>"; };
		4ABB5BA71BC8BCB700BEA3EF /* portal.xcdatamodel */ = {isa = PBXFileReference; lastKnownFileType = wrapper.xcdatamodel; path = portal.xcdatamodel; sourceTree = "<group>"; };
		4ABB5BA91BC8BCB700BEA3EF /* Assets.xcassets */ = {isa = PBXFileReference; lastKnownFileType = folder.assetcatalog; path = Assets.xcassets; sourceTree = "<group>"; };
		4ABB5BAC1BC8BCB700BEA3EF /* Base */ = {isa = PBXFileReference; lastKnownFileType = file.storyboard; name = Base; path = Base.lproj/LaunchScreen.storyboard; sourceTree = "<group>"; };
		4ABB5BAE1BC8BCB700BEA3EF /* Info.plist */ = {isa = PBXFileReference; lastKnownFileType = text.plist.xml; path = Info.plist; sourceTree = "<group>"; };
		4ABB5BB31BC8BCB700BEA3EF /* pairedUP.xctest */ = {isa = PBXFileReference; explicitFileType = wrapper.cfbundle; includeInIndex = 0; path = pairedUP.xctest; sourceTree = BUILT_PRODUCTS_DIR; };
		4ABB5BB71BC8BCB700BEA3EF /* portalTests.m */ = {isa = PBXFileReference; lastKnownFileType = sourcecode.c.objc; path = portalTests.m; sourceTree = "<group>"; };
		4ABB5BB91BC8BCB700BEA3EF /* Info.plist */ = {isa = PBXFileReference; lastKnownFileType = text.plist.xml; path = Info.plist; sourceTree = "<group>"; };
		4ABB5BBE1BC8BCB700BEA3EF /* pairedUP.xctest */ = {isa = PBXFileReference; explicitFileType = wrapper.cfbundle; includeInIndex = 0; path = pairedUP.xctest; sourceTree = BUILT_PRODUCTS_DIR; };
		4ABB5BC21BC8BCB700BEA3EF /* portalUITests.m */ = {isa = PBXFileReference; lastKnownFileType = sourcecode.c.objc; path = portalUITests.m; sourceTree = "<group>"; };
		4ABB5BC41BC8BCB700BEA3EF /* Info.plist */ = {isa = PBXFileReference; lastKnownFileType = text.plist.xml; path = Info.plist; sourceTree = "<group>"; };
		4ABB5BD11BC8BD1600BEA3EF /* FBSDKCoreKit.framework */ = {isa = PBXFileReference; lastKnownFileType = wrapper.framework; path = FBSDKCoreKit.framework; sourceTree = "<group>"; };
		4ABB5BD21BC8BD1600BEA3EF /* FBSDKLoginKit.framework */ = {isa = PBXFileReference; lastKnownFileType = wrapper.framework; path = FBSDKLoginKit.framework; sourceTree = "<group>"; };
		4ABB5BD31BC8BD1600BEA3EF /* FBSDKShareKit.framework */ = {isa = PBXFileReference; lastKnownFileType = wrapper.framework; path = FBSDKShareKit.framework; sourceTree = "<group>"; };
		4ABB5BDB1BC8BEC400BEA3EF /* DeviceManager.h */ = {isa = PBXFileReference; fileEncoding = 4; lastKnownFileType = sourcecode.c.h; path = DeviceManager.h; sourceTree = "<group>"; };
		4ABB5BDC1BC8BEC400BEA3EF /* DeviceManager.m */ = {isa = PBXFileReference; fileEncoding = 4; lastKnownFileType = sourcecode.c.objc; path = DeviceManager.m; sourceTree = "<group>"; };
		4ABB5BE21BC8C11900BEA3EF /* ViewController.h */ = {isa = PBXFileReference; fileEncoding = 4; lastKnownFileType = sourcecode.c.h; path = ViewController.h; sourceTree = "<group>"; };
		4ABB5BE31BC8C11900BEA3EF /* ViewController.m */ = {isa = PBXFileReference; fileEncoding = 4; lastKnownFileType = sourcecode.c.objc; path = ViewController.m; sourceTree = "<group>"; };
		4ABB5BE51BC8C31400BEA3EF /* DataAccess.h */ = {isa = PBXFileReference; fileEncoding = 4; lastKnownFileType = sourcecode.c.h; path = DataAccess.h; sourceTree = "<group>"; };
		4ABB5BE61BC8C31400BEA3EF /* DataAccess.m */ = {isa = PBXFileReference; fileEncoding = 4; lastKnownFileType = sourcecode.c.objc; path = DataAccess.m; sourceTree = "<group>"; };
		4ABB5BEE1BC9D5D800BEA3EF /* PhotoManager.h */ = {isa = PBXFileReference; fileEncoding = 4; lastKnownFileType = sourcecode.c.h; path = PhotoManager.h; sourceTree = "<group>"; };
		4ABB5BEF1BC9D5D800BEA3EF /* PhotoManager.m */ = {isa = PBXFileReference; fileEncoding = 4; lastKnownFileType = sourcecode.c.objc; path = PhotoManager.m; sourceTree = "<group>"; };
		4ABB5BF51BC9D78100BEA3EF /* AccountViewController.h */ = {isa = PBXFileReference; fileEncoding = 4; lastKnownFileType = sourcecode.c.h; path = AccountViewController.h; sourceTree = "<group>"; };
		4ABB5BF61BC9D78100BEA3EF /* AccountViewController.m */ = {isa = PBXFileReference; fileEncoding = 4; lastKnownFileType = sourcecode.c.objc; path = AccountViewController.m; sourceTree = "<group>"; };
		4AC91BDD1C6091120078CBD0 /* CERangeSlider.h */ = {isa = PBXFileReference; fileEncoding = 4; lastKnownFileType = sourcecode.c.h; path = CERangeSlider.h; sourceTree = "<group>"; };
		4AC91BDE1C6091120078CBD0 /* CERangeSlider.m */ = {isa = PBXFileReference; fileEncoding = 4; lastKnownFileType = sourcecode.c.objc; path = CERangeSlider.m; sourceTree = "<group>"; };
		4AC91BE01C60AC470078CBD0 /* CERangeSliderKnobLayer.h */ = {isa = PBXFileReference; fileEncoding = 4; lastKnownFileType = sourcecode.c.h; path = CERangeSliderKnobLayer.h; sourceTree = "<group>"; };
		4AC91BE11C60AC470078CBD0 /* CERangeSliderKnobLayer.m */ = {isa = PBXFileReference; fileEncoding = 4; lastKnownFileType = sourcecode.c.objc; path = CERangeSliderKnobLayer.m; sourceTree = "<group>"; };
		4AC91BE31C60B08C0078CBD0 /* CERangeSliderTrackLayer.h */ = {isa = PBXFileReference; fileEncoding = 4; lastKnownFileType = sourcecode.c.h; path = CERangeSliderTrackLayer.h; sourceTree = "<group>"; };
		4AC91BE41C60B08C0078CBD0 /* CERangeSliderTrackLayer.m */ = {isa = PBXFileReference; fileEncoding = 4; lastKnownFileType = sourcecode.c.objc; path = CERangeSliderTrackLayer.m; sourceTree = "<group>"; };
		4AC91BE61C620D190078CBD0 /* DistanceRangeSlider.h */ = {isa = PBXFileReference; fileEncoding = 4; lastKnownFileType = sourcecode.c.h; path = DistanceRangeSlider.h; sourceTree = "<group>"; };
		4AC91BE71C620D190078CBD0 /* DistanceRangeSlider.m */ = {isa = PBXFileReference; fileEncoding = 4; lastKnownFileType = sourcecode.c.objc; path = DistanceRangeSlider.m; sourceTree = "<group>"; };
		4AC9A8701C4C875F0096350D /* MatchProfileViewController.h */ = {isa = PBXFileReference; fileEncoding = 4; lastKnownFileType = sourcecode.c.h; path = MatchProfileViewController.h; sourceTree = "<group>"; };
		4AC9A8711C4C875F0096350D /* MatchProfileViewController.m */ = {isa = PBXFileReference; fileEncoding = 4; lastKnownFileType = sourcecode.c.objc; path = MatchProfileViewController.m; sourceTree = "<group>"; };
		4AC9A8731C4DA6B00096350D /* 1453179218_chat.png */ = {isa = PBXFileReference; lastKnownFileType = image.png; path = 1453179218_chat.png; sourceTree = "<group>"; };
		4AC9A8751C4F75820096350D /* RelationshipMatchViewController.h */ = {isa = PBXFileReference; fileEncoding = 4; lastKnownFileType = sourcecode.c.h; path = RelationshipMatchViewController.h; sourceTree = "<group>"; };
		4AC9A8761C4F75820096350D /* RelationshipMatchViewController.m */ = {isa = PBXFileReference; fileEncoding = 4; lastKnownFileType = sourcecode.c.objc; path = RelationshipMatchViewController.m; sourceTree = "<group>"; };
		4ADCA1271C1E9804002A018B /* DraggableView.h */ = {isa = PBXFileReference; fileEncoding = 4; lastKnownFileType = sourcecode.c.h; path = DraggableView.h; sourceTree = "<group>"; };
		4ADCA1281C1E9804002A018B /* DraggableView.m */ = {isa = PBXFileReference; fileEncoding = 4; lastKnownFileType = sourcecode.c.objc; path = DraggableView.m; sourceTree = "<group>"; };
		4ADCA1291C1E9804002A018B /* DraggableViewBackground.h */ = {isa = PBXFileReference; fileEncoding = 4; lastKnownFileType = sourcecode.c.h; path = DraggableViewBackground.h; sourceTree = "<group>"; };
		4ADCA12A1C1E9804002A018B /* DraggableViewBackground.m */ = {isa = PBXFileReference; fileEncoding = 4; lastKnownFileType = sourcecode.c.objc; path = DraggableViewBackground.m; sourceTree = "<group>"; };
		4ADCA12B1C1E9804002A018B /* OverlayView.h */ = {isa = PBXFileReference; fileEncoding = 4; lastKnownFileType = sourcecode.c.h; path = OverlayView.h; sourceTree = "<group>"; };
		4ADCA12C1C1E9804002A018B /* OverlayView.m */ = {isa = PBXFileReference; fileEncoding = 4; lastKnownFileType = sourcecode.c.objc; path = OverlayView.m; sourceTree = "<group>"; };
		4ADCA1301C1E9920002A018B /* SwipeViewController.h */ = {isa = PBXFileReference; fileEncoding = 4; lastKnownFileType = sourcecode.c.h; path = SwipeViewController.h; sourceTree = "<group>"; };
		4ADCA1311C1E9920002A018B /* SwipeViewController.m */ = {isa = PBXFileReference; fileEncoding = 4; lastKnownFileType = sourcecode.c.objc; path = SwipeViewController.m; sourceTree = "<group>"; };
		4ADCA1331C1E9AB1002A018B /* Oval 3 + Rectangle 11-1.png */ = {isa = PBXFileReference; lastKnownFileType = image.png; path = "Oval 3 + Rectangle 11-1.png"; sourceTree = "<group>"; };
		4ADCA1351C1E9B47002A018B /* yesButton-01-1.png */ = {isa = PBXFileReference; lastKnownFileType = image.png; path = "yesButton-01-1.png"; sourceTree = "<group>"; };
		4ADCA1371C1E9B62002A018B /* noButton-01-1.png */ = {isa = PBXFileReference; lastKnownFileType = image.png; path = "noButton-01-1.png"; sourceTree = "<group>"; };
		4ADCA1391C1E9B75002A018B /* Oval 2 + Rectangle 10-1.png */ = {isa = PBXFileReference; lastKnownFileType = image.png; path = "Oval 2 + Rectangle 10-1.png"; sourceTree = "<group>"; };
		4AF804731C5EE699004BA598 /* LandingViewController.h */ = {isa = PBXFileReference; fileEncoding = 4; lastKnownFileType = sourcecode.c.h; path = LandingViewController.h; sourceTree = "<group>"; };
		4AF804741C5EE699004BA598 /* LandingViewController.m */ = {isa = PBXFileReference; fileEncoding = 4; lastKnownFileType = sourcecode.c.objc; path = LandingViewController.m; sourceTree = "<group>"; };
		4AF804761C5F1DBE004BA598 /* IntroductionDraggableView.h */ = {isa = PBXFileReference; fileEncoding = 4; lastKnownFileType = sourcecode.c.h; path = IntroductionDraggableView.h; sourceTree = "<group>"; };
		4AF804771C5F1DBE004BA598 /* IntroductionDraggableView.m */ = {isa = PBXFileReference; fileEncoding = 4; lastKnownFileType = sourcecode.c.objc; path = IntroductionDraggableView.m; sourceTree = "<group>"; };
		4AF804791C5F20F8004BA598 /* IntroductionViewBackground.h */ = {isa = PBXFileReference; fileEncoding = 4; lastKnownFileType = sourcecode.c.h; path = IntroductionViewBackground.h; sourceTree = "<group>"; };
		4AF8047A1C5F20F8004BA598 /* IntroductionViewBackground.m */ = {isa = PBXFileReference; fileEncoding = 4; lastKnownFileType = sourcecode.c.objc; path = IntroductionViewBackground.m; sourceTree = "<group>"; };
		4AF8047C1C5F31C2004BA598 /* IntroductionViewController.h */ = {isa = PBXFileReference; fileEncoding = 4; lastKnownFileType = sourcecode.c.h; path = IntroductionViewController.h; sourceTree = "<group>"; };
		4AF8047D1C5F31C2004BA598 /* IntroductionViewController.m */ = {isa = PBXFileReference; fileEncoding = 4; lastKnownFileType = sourcecode.c.objc; path = IntroductionViewController.m; sourceTree = "<group>"; };
		4AFC396D1C099D38004E7262 /* SettingsViewController.h */ = {isa = PBXFileReference; fileEncoding = 4; lastKnownFileType = sourcecode.c.h; path = SettingsViewController.h; sourceTree = "<group>"; };
		4AFC396E1C099D38004E7262 /* SettingsViewController.m */ = {isa = PBXFileReference; fileEncoding = 4; lastKnownFileType = sourcecode.c.objc; path = SettingsViewController.m; sourceTree = "<group>"; };
		4AFC39701C0A5AEA004E7262 /* 1448769105_down4-1.png */ = {isa = PBXFileReference; lastKnownFileType = image.png; name = "1448769105_down4-1.png"; path = "Assets.xcassets/down_arrow.imageset/1448769105_down4-1.png"; sourceTree = "<group>"; };
		4AFC39741C0A5D86004E7262 /* 1448769786_share-2.png */ = {isa = PBXFileReference; lastKnownFileType = image.png; path = "1448769786_share-2.png"; sourceTree = "<group>"; };
		4AFC39781C0A6766004E7262 /* 1448772307_Streamline-76.png */ = {isa = PBXFileReference; lastKnownFileType = image.png; path = "1448772307_Streamline-76.png"; sourceTree = "<group>"; };
		4AFC397C1C0A6A13004E7262 /* 1448772977_snapchat.png */ = {isa = PBXFileReference; lastKnownFileType = image.png; path = 1448772977_snapchat.png; sourceTree = "<group>"; };
		4AFC39841C0ACC2E004E7262 /* 1448798067_instagram.png */ = {isa = PBXFileReference; lastKnownFileType = image.png; name = 1448798067_instagram.png; path = Assets.xcassets/instagram_icon.imageset/1448798067_instagram.png; sourceTree = "<group>"; };
		4AFC39861C0ACCB3004E7262 /* 1448798253_facebook.png */ = {isa = PBXFileReference; lastKnownFileType = image.png; path = 1448798253_facebook.png; sourceTree = "<group>"; };
		4AFC39881C0ACD27004E7262 /* 1448798373_linkedin.png */ = {isa = PBXFileReference; lastKnownFileType = image.png; name = 1448798373_linkedin.png; path = Assets.xcassets/linkedin_icon.imageset/1448798373_linkedin.png; sourceTree = "<group>"; };
		6667BCF30DF006BB35318E23 /* Pods-pairedUP.release.xcconfig */ = {isa = PBXFileReference; includeInIndex = 1; lastKnownFileType = text.xcconfig; name = "Pods-pairedUP.release.xcconfig"; path = "Pods/Target Support Files/Pods-pairedUP/Pods-pairedUP.release.xcconfig"; sourceTree = "<group>"; };
		F98AD2E61C55CA89001FD5F2 /* NSMutableURLRequest+OAuth.h */ = {isa = PBXFileReference; fileEncoding = 4; lastKnownFileType = sourcecode.c.h; path = "NSMutableURLRequest+OAuth.h"; sourceTree = "<group>"; };
		F98AD2E71C55CA89001FD5F2 /* NSMutableURLRequest+OAuth.m */ = {isa = PBXFileReference; fileEncoding = 4; lastKnownFileType = sourcecode.c.objc; path = "NSMutableURLRequest+OAuth.m"; sourceTree = "<group>"; };
		F98AD2E81C55CA89001FD5F2 /* OAuthToken.h */ = {isa = PBXFileReference; fileEncoding = 4; lastKnownFileType = sourcecode.c.h; path = OAuthToken.h; sourceTree = "<group>"; };
		F98AD2E91C55CA89001FD5F2 /* OAuthToken.m */ = {isa = PBXFileReference; fileEncoding = 4; lastKnownFileType = sourcecode.c.objc; path = OAuthToken.m; sourceTree = "<group>"; };
		F98AD2EA1C55CA89001FD5F2 /* OAuthServices.h */ = {isa = PBXFileReference; fileEncoding = 4; lastKnownFileType = sourcecode.c.h; path = OAuthServices.h; sourceTree = "<group>"; };
		F98AD2EB1C55CA89001FD5F2 /* OAuthServices.m */ = {isa = PBXFileReference; fileEncoding = 4; lastKnownFileType = sourcecode.c.objc; path = OAuthServices.m; sourceTree = "<group>"; };
		F98AD2EF1C55CB8A001FD5F2 /* GlobalConstants.h */ = {isa = PBXFileReference; lastKnownFileType = sourcecode.c.h; path = GlobalConstants.h; sourceTree = "<group>"; };
		F98AD2F01C55CBEA001FD5F2 /* GlobalConstants.m */ = {isa = PBXFileReference; fileEncoding = 4; lastKnownFileType = sourcecode.c.objc; path = GlobalConstants.m; sourceTree = "<group>"; };
		F98AD2F21C55D09E001FD5F2 /* NSMutableData+AES.h */ = {isa = PBXFileReference; fileEncoding = 4; lastKnownFileType = sourcecode.c.h; path = "NSMutableData+AES.h"; sourceTree = "<group>"; };
		F98AD2F31C55D09E001FD5F2 /* NSMutableData+AES.m */ = {isa = PBXFileReference; fileEncoding = 4; lastKnownFileType = sourcecode.c.objc; path = "NSMutableData+AES.m"; sourceTree = "<group>"; };
		F98AD2F41C55D09E001FD5F2 /* NSURL+QueryParser.h */ = {isa = PBXFileReference; fileEncoding = 4; lastKnownFileType = sourcecode.c.h; path = "NSURL+QueryParser.h"; sourceTree = "<group>"; };
		F98AD2F51C55D09E001FD5F2 /* NSURL+QueryParser.m */ = {isa = PBXFileReference; fileEncoding = 4; lastKnownFileType = sourcecode.c.objc; path = "NSURL+QueryParser.m"; sourceTree = "<group>"; };
		F98AD2F61C55D09E001FD5F2 /* NSString+URLEncoding.h */ = {isa = PBXFileReference; fileEncoding = 4; lastKnownFileType = sourcecode.c.h; path = "NSString+URLEncoding.h"; sourceTree = "<group>"; };
		F98AD2F71C55D09E001FD5F2 /* NSString+URLEncoding.m */ = {isa = PBXFileReference; fileEncoding = 4; lastKnownFileType = sourcecode.c.objc; path = "NSString+URLEncoding.m"; sourceTree = "<group>"; };
		F98AD2FB1C55D157001FD5F2 /* OAuthSecurity.h */ = {isa = PBXFileReference; fileEncoding = 4; lastKnownFileType = sourcecode.c.h; path = OAuthSecurity.h; sourceTree = "<group>"; };
		F98AD2FC1C55D157001FD5F2 /* OAuthSecurity.m */ = {isa = PBXFileReference; fileEncoding = 4; lastKnownFileType = sourcecode.c.objc; path = OAuthSecurity.m; sourceTree = "<group>"; };
		F98AD2FE1C55D2EE001FD5F2 /* libcommonCrypto.tbd */ = {isa = PBXFileReference; lastKnownFileType = "sourcecode.text-based-dylib-definition"; name = libcommonCrypto.tbd; path = usr/lib/system/libcommonCrypto.tbd; sourceTree = SDKROOT; };
		F98AD3001C55D390001FD5F2 /* CoreFoundation.framework */ = {isa = PBXFileReference; lastKnownFileType = wrapper.framework; name = CoreFoundation.framework; path = System/Library/Frameworks/CoreFoundation.framework; sourceTree = SDKROOT; };
		F98AD3011C55D390001FD5F2 /* Foundation.framework */ = {isa = PBXFileReference; lastKnownFileType = wrapper.framework; name = Foundation.framework; path = System/Library/Frameworks/Foundation.framework; sourceTree = SDKROOT; };
		F98AD3041C55D3BD001FD5F2 /* MobileCoreServices.framework */ = {isa = PBXFileReference; lastKnownFileType = wrapper.framework; name = MobileCoreServices.framework; path = System/Library/Frameworks/MobileCoreServices.framework; sourceTree = SDKROOT; };
/* End PBXFileReference section */

/* Begin PBXFrameworksBuildPhase section */
		4ABB5B941BC8BCB600BEA3EF /* Frameworks */ = {
			isa = PBXFrameworksBuildPhase;
			buildActionMask = 2147483647;
			files = (
				4A29E0ED1C560E570075F730 /* SystemConfiguration.framework in Frameworks */,
				F98AD3051C55D3BD001FD5F2 /* MobileCoreServices.framework in Frameworks */,
				F98AD3021C55D390001FD5F2 /* CoreFoundation.framework in Frameworks */,
				F98AD3031C55D390001FD5F2 /* Foundation.framework in Frameworks */,
				4ABB5BD51BC8BD1600BEA3EF /* FBSDKLoginKit.framework in Frameworks */,
				4ABB5BD41BC8BD1600BEA3EF /* FBSDKCoreKit.framework in Frameworks */,
				4ABB5BD61BC8BD1600BEA3EF /* FBSDKShareKit.framework in Frameworks */,
				08B8ED1E7B55B560B635A10E /* Pods_pairedUP.framework in Frameworks */,
			);
			runOnlyForDeploymentPostprocessing = 0;
		};
		4ABB5BB01BC8BCB700BEA3EF /* Frameworks */ = {
			isa = PBXFrameworksBuildPhase;
			buildActionMask = 2147483647;
			files = (
			);
			runOnlyForDeploymentPostprocessing = 0;
		};
		4ABB5BBB1BC8BCB700BEA3EF /* Frameworks */ = {
			isa = PBXFrameworksBuildPhase;
			buildActionMask = 2147483647;
			files = (
			);
			runOnlyForDeploymentPostprocessing = 0;
		};
/* End PBXFrameworksBuildPhase section */

/* Begin PBXGroup section */
		4A12DE0A1C4A187F0068D79C /* Assets */ = {
			isa = PBXGroup;
			children = (
				4A12DE411C4A1A230068D79C /* JSQMessagesAssets.bundle */,
			);
			name = Assets;
			sourceTree = "<group>";
		};
		4A1DD8171C49D4620026351B /* Messenger */ = {
			isa = PBXGroup;
			children = (
				4A12DE0A1C4A187F0068D79C /* Assets */,
				4A12DDEE1C49F10A0068D79C /* MessagesViewController.h */,
				4A12DDEF1C49F10A0068D79C /* MessagesViewController.m */,
				4A12DDF71C49F4260068D79C /* ModelData.h */,
				4A12DDF81C49F4260068D79C /* ModelData.m */,
				4A12DDFD1C49F6140068D79C /* NSUserDefaults+Settings.h */,
				4A12DDFE1C49F6140068D79C /* NSUserDefaults+Settings.m */,
			);
			name = Messenger;
			sourceTree = "<group>";
		};
		4ABB5B8E1BC8BCB600BEA3EF = {
			isa = PBXGroup;
			children = (
				4A1EDE5A1C5054E600DF3087 /* .gitignore */,
				4ABB5BD01BC8BCD600BEA3EF /* Frameworks */,
				4ABB5B991BC8BCB600BEA3EF /* portal */,
				4ABB5BB61BC8BCB700BEA3EF /* portalTests */,
				4ABB5BC11BC8BCB700BEA3EF /* portalUITests */,
				4ABB5B981BC8BCB600BEA3EF /* Products */,
				B92853BA441294F899B55D03 /* Pods */,
			);
			sourceTree = "<group>";
		};
		4ABB5B981BC8BCB600BEA3EF /* Products */ = {
			isa = PBXGroup;
			children = (
				4ABB5B971BC8BCB600BEA3EF /* pairedUP.app */,
				4ABB5BB31BC8BCB700BEA3EF /* pairedUP.xctest */,
				4ABB5BBE1BC8BCB700BEA3EF /* pairedUP.xctest */,
			);
			name = Products;
			sourceTree = "<group>";
		};
		4ABB5B991BC8BCB600BEA3EF /* portal */ = {
			isa = PBXGroup;
			children = (
				F98AD2E51C55CA6F001FD5F2 /* OAuth */,
				4ABB5BE11BC8C08A00BEA3EF /* ViewControllers */,
				4ABB5BD71BC8BE3000BEA3EF /* classes */,
				4ABB5B9D1BC8BCB600BEA3EF /* AppDelegate.h */,
				4ABB5B9E1BC8BCB700BEA3EF /* AppDelegate.m */,
				4ABB5BA91BC8BCB700BEA3EF /* Assets.xcassets */,
				4ABB5BAB1BC8BCB700BEA3EF /* LaunchScreen.storyboard */,
				4ABB5BAE1BC8BCB700BEA3EF /* Info.plist */,
				4ABB5BA61BC8BCB700BEA3EF /* portal.xcdatamodeld */,
				4ABB5B9A1BC8BCB600BEA3EF /* Supporting Files */,
			);
			path = portal;
			sourceTree = "<group>";
		};
		4ABB5B9A1BC8BCB600BEA3EF /* Supporting Files */ = {
			isa = PBXGroup;
			children = (
				4AC9A8731C4DA6B00096350D /* 1453179218_chat.png */,
				4A12DE531C4C75840068D79C /* images-3.jpeg */,
				4A12DE541C4C75840068D79C /* 6956323-cute-girl-photos.jpg */,
				4A12DE511C4C756B0068D79C /* original.jpg */,
				4A12DE4C1C4A60890068D79C /* Keira-Knightley_A-Cute-Woman_441.jpg */,
				4ADCA1391C1E9B75002A018B /* Oval 2 + Rectangle 10-1.png */,
				4ADCA1371C1E9B62002A018B /* noButton-01-1.png */,
				4ADCA1351C1E9B47002A018B /* yesButton-01-1.png */,
				4ADCA1331C1E9AB1002A018B /* Oval 3 + Rectangle 11-1.png */,
				4AFC39881C0ACD27004E7262 /* 1448798373_linkedin.png */,
				4AFC39861C0ACCB3004E7262 /* 1448798253_facebook.png */,
				4AFC39841C0ACC2E004E7262 /* 1448798067_instagram.png */,
				4AFC397C1C0A6A13004E7262 /* 1448772977_snapchat.png */,
				4AFC39781C0A6766004E7262 /* 1448772307_Streamline-76.png */,
				4AFC39741C0A5D86004E7262 /* 1448769786_share-2.png */,
				4AFC39701C0A5AEA004E7262 /* 1448769105_down4-1.png */,
				4A92A3971C07D0BB00E12000 /* peace-sign-hand.png */,
				4A92A3931C0586C600E12000 /* 1448452694_settings.png */,
				4A92A3911C0584A300E12000 /* 1448452123_info-1.png */,
				4A92A38D1C057F1B00E12000 /* 1448450737_back.png */,
				4A705C961BF598620084B23C /* Sign-In-Large---Default-ret.png */,
				4A705C941BF598410084B23C /* Sign-in-Large---Default.png */,
				4A99BF371BE7380900356805 /* image_placeholder.png */,
				4A99BF321BE72BF000356805 /* Edit.png */,
				4A256AED1BE59BB0006CD39E /* checkbox.png */,
				4A256AEB1BE59B8E006CD39E /* checkedbox.png */,
				4A256AE91BE4950B006CD39E /* instagram_icon1.png */,
				4A256AE11BE4929C006CD39E /* snapchat_icon.png */,
				4A256ADD1BE49269006CD39E /* facebook_icon.png */,
				4A256ADB1BE49248006CD39E /* linkedin_icon.png */,
				4ABB5B9B1BC8BCB600BEA3EF /* main.m */,
			);
			name = "Supporting Files";
			sourceTree = "<group>";
		};
		4ABB5BB61BC8BCB700BEA3EF /* portalTests */ = {
			isa = PBXGroup;
			children = (
				4ABB5BB71BC8BCB700BEA3EF /* portalTests.m */,
				4ABB5BB91BC8BCB700BEA3EF /* Info.plist */,
			);
			path = portalTests;
			sourceTree = "<group>";
		};
		4ABB5BC11BC8BCB700BEA3EF /* portalUITests */ = {
			isa = PBXGroup;
			children = (
				4ABB5BC21BC8BCB700BEA3EF /* portalUITests.m */,
				4ABB5BC41BC8BCB700BEA3EF /* Info.plist */,
			);
			path = portalUITests;
			sourceTree = "<group>";
		};
		4ABB5BD01BC8BCD600BEA3EF /* Frameworks */ = {
			isa = PBXGroup;
			children = (
				4A29E0EC1C560E570075F730 /* SystemConfiguration.framework */,
				4A29E0EA1C560E150075F730 /* libz.tbd */,
				F98AD3041C55D3BD001FD5F2 /* MobileCoreServices.framework */,
				F98AD3001C55D390001FD5F2 /* CoreFoundation.framework */,
				F98AD3011C55D390001FD5F2 /* Foundation.framework */,
				F98AD2FE1C55D2EE001FD5F2 /* libcommonCrypto.tbd */,
				4ABB5BD11BC8BD1600BEA3EF /* FBSDKCoreKit.framework */,
				4ABB5BD21BC8BD1600BEA3EF /* FBSDKLoginKit.framework */,
				4ABB5BD31BC8BD1600BEA3EF /* FBSDKShareKit.framework */,
				297863195D14C9F88569478B /* Pods_pairedUP.framework */,
			);
			name = Frameworks;
			sourceTree = "<group>";
		};
		4ABB5BD71BC8BE3000BEA3EF /* classes */ = {
			isa = PBXGroup;
			children = (
				4A6054611C5C457700BA6CB9 /* Login.h */,
				4A6054621C5C457700BA6CB9 /* Login.m */,
				4ABB5BEE1BC9D5D800BEA3EF /* PhotoManager.h */,
				4ABB5BEF1BC9D5D800BEA3EF /* PhotoManager.m */,
				4ABB5BDB1BC8BEC400BEA3EF /* DeviceManager.h */,
				4ABB5BDC1BC8BEC400BEA3EF /* DeviceManager.m */,
				4ABB5BE51BC8C31400BEA3EF /* DataAccess.h */,
				4ABB5BE61BC8C31400BEA3EF /* DataAccess.m */,
				F98AD2EF1C55CB8A001FD5F2 /* GlobalConstants.h */,
				F98AD2F01C55CBEA001FD5F2 /* GlobalConstants.m */,
			);
			name = classes;
			sourceTree = "<group>";
		};
		4ABB5BE11BC8C08A00BEA3EF /* ViewControllers */ = {
			isa = PBXGroup;
			children = (
				4A1DD8171C49D4620026351B /* Messenger */,
				4AD4043D1C33B96D004AC3E8 /* Match */,
				4ADCA1261C1E9749002A018B /* Home */,
				4ABB5BEB1BC9824300BEA3EF /* User Account */,
				4ABB5BE21BC8C11900BEA3EF /* ViewController.h */,
				4ABB5BE31BC8C11900BEA3EF /* ViewController.m */,
				4AF804731C5EE699004BA598 /* LandingViewController.h */,
				4AF804741C5EE699004BA598 /* LandingViewController.m */,
			);
			name = ViewControllers;
			sourceTree = "<group>";
		};
		4ABB5BEB1BC9824300BEA3EF /* User Account */ = {
			isa = PBXGroup;
			children = (
				4A01F7D61C5875300011C9A9 /* UserAccountTableViewCell.h */,
				4A01F7D71C5875300011C9A9 /* UserAccountTableViewCell.m */,
				4A0B080E1C5847F70097C72C /* PhotosCollectionViewCell.xib */,
				4A86E7A21BCF709600DF3F8A /* PhotosCollectionViewCell.h */,
				4A86E7A31BCF709600DF3F8A /* PhotosCollectionViewCell.m */,
				4A0B08101C58500F0097C72C /* PhotosViewController.h */,
				4A0B08111C58500F0097C72C /* PhotosViewController.m */,
				4A0B08121C58500F0097C72C /* PhotosViewController.xib */,
				4A0B080C1C583E170097C72C /* PhotosCollectionViewController.xib */,
				4ABB5BF51BC9D78100BEA3EF /* AccountViewController.h */,
				4ABB5BF61BC9D78100BEA3EF /* AccountViewController.m */,
				4AB948981BD2F746002FEDE0 /* SinglePhotoViewController.h */,
				4AB948991BD2F746002FEDE0 /* SinglePhotoViewController.m */,
				4A46C2FF1BF6F34000FF9B46 /* ProfilePictureViewController.h */,
				4A46C3001BF6F34000FF9B46 /* ProfilePictureViewController.m */,
				4A12E79F1BFB0EEA000ECD59 /* UserMenuViewController.h */,
				4A12E7A01BFB0EEA000ECD59 /* UserMenuViewController.m */,
				4A12E7A51BFC32EB000ECD59 /* ProfileViewController.h */,
				4A12E7A61BFC32EB000ECD59 /* ProfileViewController.m */,
				4AFC396D1C099D38004E7262 /* SettingsViewController.h */,
				4AFC396E1C099D38004E7262 /* SettingsViewController.m */,
				4A01F7D91C58C5980011C9A9 /* FBAlbumsViewController.h */,
				4A01F7DA1C58C5980011C9A9 /* FBAlbumsViewController.m */,
				4A8606621C598394006D4E4D /* BioInfoViewController.h */,
				4A8606631C598394006D4E4D /* BioInfoViewController.m */,
				4AC91BDD1C6091120078CBD0 /* CERangeSlider.h */,
				4AC91BDE1C6091120078CBD0 /* CERangeSlider.m */,
				4AC91BE01C60AC470078CBD0 /* CERangeSliderKnobLayer.h */,
				4AC91BE11C60AC470078CBD0 /* CERangeSliderKnobLayer.m */,
				4AC91BE31C60B08C0078CBD0 /* CERangeSliderTrackLayer.h */,
				4AC91BE41C60B08C0078CBD0 /* CERangeSliderTrackLayer.m */,
				4AC91BE61C620D190078CBD0 /* DistanceRangeSlider.h */,
				4AC91BE71C620D190078CBD0 /* DistanceRangeSlider.m */,
			);
			name = "User Account";
			sourceTree = "<group>";
		};
		4AD4043D1C33B96D004AC3E8 /* Match */ = {
			isa = PBXGroup;
			children = (
				4A1D71491C3B28E300F0B6B8 /* UserAlbumsViewController.h */,
				4A1D714A1C3B28E300F0B6B8 /* UserAlbumsViewController.m */,
				4AB8E3A51C4627A1007BA38D /* NewMatchViewController.h */,
				4AB8E3A61C4627A1007BA38D /* NewMatchViewController.m */,
				4AB8E3A81C463BB4007BA38D /* LockedNewMatchViewController.h */,
				4AB8E3A91C463BB4007BA38D /* LockedNewMatchViewController.m */,
				4AC9A8701C4C875F0096350D /* MatchProfileViewController.h */,
				4AC9A8711C4C875F0096350D /* MatchProfileViewController.m */,
				4AC9A8751C4F75820096350D /* RelationshipMatchViewController.h */,
				4AC9A8761C4F75820096350D /* RelationshipMatchViewController.m */,
				4A34405F1C508EBB00AD5E89 /* NotificationLayover.h */,
				4A3440601C508EBB00AD5E89 /* NotificationLayover.m */,
			);
			name = Match;
			sourceTree = "<group>";
		};
		4ADCA1261C1E9749002A018B /* Home */ = {
			isa = PBXGroup;
			children = (
				4ADCA1271C1E9804002A018B /* DraggableView.h */,
				4ADCA1281C1E9804002A018B /* DraggableView.m */,
				4ADCA1291C1E9804002A018B /* DraggableViewBackground.h */,
				4ADCA12A1C1E9804002A018B /* DraggableViewBackground.m */,
				4ADCA12B1C1E9804002A018B /* OverlayView.h */,
				4ADCA12C1C1E9804002A018B /* OverlayView.m */,
				4ADCA1301C1E9920002A018B /* SwipeViewController.h */,
				4ADCA1311C1E9920002A018B /* SwipeViewController.m */,
				4A8095131C436B9100C7295A /* SwipeAlbumViewController.h */,
				4A8095141C436B9200C7295A /* SwipeAlbumViewController.m */,
				4A12DE4E1C4C6EEC0068D79C /* UserData.h */,
				4A12DE4F1C4C6EEC0068D79C /* UserData.m */,
				4AF804761C5F1DBE004BA598 /* IntroductionDraggableView.h */,
				4AF804771C5F1DBE004BA598 /* IntroductionDraggableView.m */,
				4AF804791C5F20F8004BA598 /* IntroductionViewBackground.h */,
				4AF8047A1C5F20F8004BA598 /* IntroductionViewBackground.m */,
				4AF8047C1C5F31C2004BA598 /* IntroductionViewController.h */,
				4AF8047D1C5F31C2004BA598 /* IntroductionViewController.m */,
			);
			name = Home;
			sourceTree = "<group>";
		};
		B92853BA441294F899B55D03 /* Pods */ = {
			isa = PBXGroup;
			children = (
				1110F5D6FF2B08449712BE0B /* Pods-pairedUP.debug.xcconfig */,
				6667BCF30DF006BB35318E23 /* Pods-pairedUP.release.xcconfig */,
			);
			name = Pods;
			sourceTree = "<group>";
		};
		F98AD2E51C55CA6F001FD5F2 /* OAuth */ = {
			isa = PBXGroup;
			children = (
				F98AD2FB1C55D157001FD5F2 /* OAuthSecurity.h */,
				F98AD2FC1C55D157001FD5F2 /* OAuthSecurity.m */,
				F98AD2F21C55D09E001FD5F2 /* NSMutableData+AES.h */,
				F98AD2F31C55D09E001FD5F2 /* NSMutableData+AES.m */,
				F98AD2F41C55D09E001FD5F2 /* NSURL+QueryParser.h */,
				F98AD2F51C55D09E001FD5F2 /* NSURL+QueryParser.m */,
				F98AD2F61C55D09E001FD5F2 /* NSString+URLEncoding.h */,
				F98AD2F71C55D09E001FD5F2 /* NSString+URLEncoding.m */,
				F98AD2E61C55CA89001FD5F2 /* NSMutableURLRequest+OAuth.h */,
				F98AD2E71C55CA89001FD5F2 /* NSMutableURLRequest+OAuth.m */,
				F98AD2E81C55CA89001FD5F2 /* OAuthToken.h */,
				F98AD2E91C55CA89001FD5F2 /* OAuthToken.m */,
				F98AD2EA1C55CA89001FD5F2 /* OAuthServices.h */,
				F98AD2EB1C55CA89001FD5F2 /* OAuthServices.m */,
			);
			name = OAuth;
			sourceTree = "<group>";
		};
/* End PBXGroup section */

/* Begin PBXNativeTarget section */
		4ABB5B961BC8BCB600BEA3EF /* pairedUP */ = {
			isa = PBXNativeTarget;
			buildConfigurationList = 4ABB5BC71BC8BCB700BEA3EF /* Build configuration list for PBXNativeTarget "pairedUP" */;
			buildPhases = (
				70E79FDF0599C05B1BA67B27 /* Check Pods Manifest.lock */,
				4ABB5B931BC8BCB600BEA3EF /* Sources */,
				4ABB5B941BC8BCB600BEA3EF /* Frameworks */,
				4ABB5B951BC8BCB600BEA3EF /* Resources */,
				C28E45AE3BAC07FCEC5344CB /* Embed Pods Frameworks */,
				B783D25CB886662DB03CC5FC /* Copy Pods Resources */,
			);
			buildRules = (
			);
			dependencies = (
			);
			name = pairedUP;
			productName = portal;
			productReference = 4ABB5B971BC8BCB600BEA3EF /* pairedUP.app */;
			productType = "com.apple.product-type.application";
		};
		4ABB5BB21BC8BCB700BEA3EF /* pairedUPTests */ = {
			isa = PBXNativeTarget;
			buildConfigurationList = 4ABB5BCA1BC8BCB700BEA3EF /* Build configuration list for PBXNativeTarget "pairedUPTests" */;
			buildPhases = (
				4ABB5BAF1BC8BCB700BEA3EF /* Sources */,
				4ABB5BB01BC8BCB700BEA3EF /* Frameworks */,
				4ABB5BB11BC8BCB700BEA3EF /* Resources */,
			);
			buildRules = (
			);
			dependencies = (
				4ABB5BB51BC8BCB700BEA3EF /* PBXTargetDependency */,
			);
			name = pairedUPTests;
			productName = portalTests;
			productReference = 4ABB5BB31BC8BCB700BEA3EF /* pairedUP.xctest */;
			productType = "com.apple.product-type.bundle.unit-test";
		};
		4ABB5BBD1BC8BCB700BEA3EF /* pairedUPUITests */ = {
			isa = PBXNativeTarget;
			buildConfigurationList = 4ABB5BCD1BC8BCB700BEA3EF /* Build configuration list for PBXNativeTarget "pairedUPUITests" */;
			buildPhases = (
				4ABB5BBA1BC8BCB700BEA3EF /* Sources */,
				4ABB5BBB1BC8BCB700BEA3EF /* Frameworks */,
				4ABB5BBC1BC8BCB700BEA3EF /* Resources */,
			);
			buildRules = (
			);
			dependencies = (
				4ABB5BC01BC8BCB700BEA3EF /* PBXTargetDependency */,
			);
			name = pairedUPUITests;
			productName = portalUITests;
			productReference = 4ABB5BBE1BC8BCB700BEA3EF /* pairedUP.xctest */;
			productType = "com.apple.product-type.bundle.ui-testing";
		};
/* End PBXNativeTarget section */

/* Begin PBXProject section */
		4ABB5B8F1BC8BCB600BEA3EF /* Project object */ = {
			isa = PBXProject;
			attributes = {
				LastUpgradeCheck = 0700;
				ORGANIZATIONNAME = Neil_appworld;
				TargetAttributes = {
					4ABB5B961BC8BCB600BEA3EF = {
						CreatedOnToolsVersion = 7.0;
						DevelopmentTeam = KYUNTCYL2V;
						SystemCapabilities = {
							com.apple.Push = {
								enabled = 1;
							};
						};
					};
					4ABB5BB21BC8BCB700BEA3EF = {
						CreatedOnToolsVersion = 7.0;
						TestTargetID = 4ABB5B961BC8BCB600BEA3EF;
					};
					4ABB5BBD1BC8BCB700BEA3EF = {
						CreatedOnToolsVersion = 7.0;
						TestTargetID = 4ABB5B961BC8BCB600BEA3EF;
					};
				};
			};
			buildConfigurationList = 4ABB5B921BC8BCB600BEA3EF /* Build configuration list for PBXProject "pairedUP" */;
			compatibilityVersion = "Xcode 3.2";
			developmentRegion = English;
			hasScannedForEncodings = 0;
			knownRegions = (
				en,
				Base,
			);
			mainGroup = 4ABB5B8E1BC8BCB600BEA3EF;
			productRefGroup = 4ABB5B981BC8BCB600BEA3EF /* Products */;
			projectDirPath = "";
			projectRoot = "";
			targets = (
				4ABB5B961BC8BCB600BEA3EF /* pairedUP */,
				4ABB5BB21BC8BCB700BEA3EF /* pairedUPTests */,
				4ABB5BBD1BC8BCB700BEA3EF /* pairedUPUITests */,
			);
		};
/* End PBXProject section */

/* Begin PBXResourcesBuildPhase section */
		4ABB5B951BC8BCB600BEA3EF /* Resources */ = {
			isa = PBXResourcesBuildPhase;
			buildActionMask = 2147483647;
			files = (
				4A12DE4D1C4A60890068D79C /* Keira-Knightley_A-Cute-Woman_441.jpg in Resources */,
				4A92A38E1C057F1B00E12000 /* 1448450737_back.png in Resources */,
				4A12DE521C4C756B0068D79C /* original.jpg in Resources */,
				4A0B08141C58500F0097C72C /* PhotosViewController.xib in Resources */,
				4ADCA13A1C1E9B75002A018B /* Oval 2 + Rectangle 10-1.png in Resources */,
				4AC9A8741C4DA6B00096350D /* 1453179218_chat.png in Resources */,
				4A256ADC1BE49248006CD39E /* linkedin_icon.png in Resources */,
				4AFC39791C0A6766004E7262 /* 1448772307_Streamline-76.png in Resources */,
				4A0B080F1C5847F70097C72C /* PhotosCollectionViewCell.xib in Resources */,
				4A99BF381BE7380900356805 /* image_placeholder.png in Resources */,
				4A12DE421C4A1A230068D79C /* JSQMessagesAssets.bundle in Resources */,
				4AFC39891C0ACD27004E7262 /* 1448798373_linkedin.png in Resources */,
				4AFC39851C0ACC2E004E7262 /* 1448798067_instagram.png in Resources */,
				4A705C951BF598410084B23C /* Sign-in-Large---Default.png in Resources */,
				4ADCA1341C1E9AB1002A018B /* Oval 3 + Rectangle 11-1.png in Resources */,
				4AFC39711C0A5AEA004E7262 /* 1448769105_down4-1.png in Resources */,
				4A1EDE5B1C5054E600DF3087 /* .gitignore in Resources */,
				4AFC39751C0A5D86004E7262 /* 1448769786_share-2.png in Resources */,
				4ADCA1381C1E9B62002A018B /* noButton-01-1.png in Resources */,
				4A92A3921C0584A300E12000 /* 1448452123_info-1.png in Resources */,
				4A256AEA1BE4950B006CD39E /* instagram_icon1.png in Resources */,
				4A92A3941C0586C600E12000 /* 1448452694_settings.png in Resources */,
				4A256AEE1BE59BB0006CD39E /* checkbox.png in Resources */,
				4A705C971BF598620084B23C /* Sign-In-Large---Default-ret.png in Resources */,
				4A0B080D1C583E170097C72C /* PhotosCollectionViewController.xib in Resources */,
				4ADCA1361C1E9B47002A018B /* yesButton-01-1.png in Resources */,
				4AFC397D1C0A6A13004E7262 /* 1448772977_snapchat.png in Resources */,
				4A12DE551C4C75840068D79C /* images-3.jpeg in Resources */,
				4ABB5BAD1BC8BCB700BEA3EF /* LaunchScreen.storyboard in Resources */,
				4A256ADE1BE49269006CD39E /* facebook_icon.png in Resources */,
				4A256AE21BE4929C006CD39E /* snapchat_icon.png in Resources */,
				4A256AEC1BE59B8E006CD39E /* checkedbox.png in Resources */,
				4A99BF331BE72BF000356805 /* Edit.png in Resources */,
				4A92A3981C07D0BB00E12000 /* peace-sign-hand.png in Resources */,
				4A12DE561C4C75840068D79C /* 6956323-cute-girl-photos.jpg in Resources */,
				4AFC39871C0ACCB3004E7262 /* 1448798253_facebook.png in Resources */,
				4ABB5BAA1BC8BCB700BEA3EF /* Assets.xcassets in Resources */,
			);
			runOnlyForDeploymentPostprocessing = 0;
		};
		4ABB5BB11BC8BCB700BEA3EF /* Resources */ = {
			isa = PBXResourcesBuildPhase;
			buildActionMask = 2147483647;
			files = (
			);
			runOnlyForDeploymentPostprocessing = 0;
		};
		4ABB5BBC1BC8BCB700BEA3EF /* Resources */ = {
			isa = PBXResourcesBuildPhase;
			buildActionMask = 2147483647;
			files = (
			);
			runOnlyForDeploymentPostprocessing = 0;
		};
/* End PBXResourcesBuildPhase section */

/* Begin PBXShellScriptBuildPhase section */
		70E79FDF0599C05B1BA67B27 /* Check Pods Manifest.lock */ = {
			isa = PBXShellScriptBuildPhase;
			buildActionMask = 2147483647;
			files = (
			);
			inputPaths = (
			);
			name = "Check Pods Manifest.lock";
			outputPaths = (
			);
			runOnlyForDeploymentPostprocessing = 0;
			shellPath = /bin/sh;
			shellScript = "diff \"${PODS_ROOT}/../Podfile.lock\" \"${PODS_ROOT}/Manifest.lock\" > /dev/null\nif [[ $? != 0 ]] ; then\n    cat << EOM\nerror: The sandbox is not in sync with the Podfile.lock. Run 'pod install' or update your CocoaPods installation.\nEOM\n    exit 1\nfi\n";
			showEnvVarsInLog = 0;
		};
		B783D25CB886662DB03CC5FC /* Copy Pods Resources */ = {
			isa = PBXShellScriptBuildPhase;
			buildActionMask = 2147483647;
			files = (
			);
			inputPaths = (
			);
			name = "Copy Pods Resources";
			outputPaths = (
			);
			runOnlyForDeploymentPostprocessing = 0;
			shellPath = /bin/sh;
			shellScript = "\"${SRCROOT}/Pods/Target Support Files/Pods-pairedUP/Pods-pairedUP-resources.sh\"\n";
			showEnvVarsInLog = 0;
		};
		C28E45AE3BAC07FCEC5344CB /* Embed Pods Frameworks */ = {
			isa = PBXShellScriptBuildPhase;
			buildActionMask = 2147483647;
			files = (
			);
			inputPaths = (
			);
			name = "Embed Pods Frameworks";
			outputPaths = (
			);
			runOnlyForDeploymentPostprocessing = 0;
			shellPath = /bin/sh;
			shellScript = "\"${SRCROOT}/Pods/Target Support Files/Pods-pairedUP/Pods-pairedUP-frameworks.sh\"\n";
			showEnvVarsInLog = 0;
		};
/* End PBXShellScriptBuildPhase section */

/* Begin PBXSourcesBuildPhase section */
		4ABB5B931BC8BCB600BEA3EF /* Sources */ = {
			isa = PBXSourcesBuildPhase;
			buildActionMask = 2147483647;
			files = (
				4AF8047E1C5F31C2004BA598 /* IntroductionViewController.m in Sources */,
				4AC9A8721C4C875F0096350D /* MatchProfileViewController.m in Sources */,
				4AC91BE21C60AC470078CBD0 /* CERangeSliderKnobLayer.m in Sources */,
				4A12DDF01C49F10A0068D79C /* MessagesViewController.m in Sources */,
				4ABB5BE41BC8C11900BEA3EF /* ViewController.m in Sources */,
				4ABB5BA81BC8BCB700BEA3EF /* portal.xcdatamodeld in Sources */,
				4ABB5BDD1BC8BEC400BEA3EF /* DeviceManager.m in Sources */,
				4A3440611C508EBB00AD5E89 /* NotificationLayover.m in Sources */,
				4AB8E3AA1C463BB4007BA38D /* LockedNewMatchViewController.m in Sources */,
				4A12DDFF1C49F6140068D79C /* NSUserDefaults+Settings.m in Sources */,
				4ABB5BE71BC8C31400BEA3EF /* DataAccess.m in Sources */,
				4A8095151C436B9200C7295A /* SwipeAlbumViewController.m in Sources */,
				4A12DDF91C49F4260068D79C /* ModelData.m in Sources */,
				F98AD2EC1C55CA89001FD5F2 /* NSMutableURLRequest+OAuth.m in Sources */,
				4AF804781C5F1DBE004BA598 /* IntroductionDraggableView.m in Sources */,
				F98AD2EE1C55CA89001FD5F2 /* OAuthServices.m in Sources */,
				4A1D714B1C3B28E400F0B6B8 /* UserAlbumsViewController.m in Sources */,
				4AB8E3A71C4627A1007BA38D /* NewMatchViewController.m in Sources */,
				4ADCA12E1C1E9804002A018B /* DraggableViewBackground.m in Sources */,
				4ABB5BF71BC9D78100BEA3EF /* AccountViewController.m in Sources */,
				F98AD2ED1C55CA89001FD5F2 /* OAuthToken.m in Sources */,
				4A01F7D81C5875300011C9A9 /* UserAccountTableViewCell.m in Sources */,
				4ADCA1321C1E9920002A018B /* SwipeViewController.m in Sources */,
				4ABB5BF01BC9D5D800BEA3EF /* PhotoManager.m in Sources */,
				F98AD2F91C55D09E001FD5F2 /* NSURL+QueryParser.m in Sources */,
				4AC91BE81C620D190078CBD0 /* DistanceRangeSlider.m in Sources */,
				4AF8047B1C5F20F8004BA598 /* IntroductionViewBackground.m in Sources */,
				4A6054631C5C457700BA6CB9 /* Login.m in Sources */,
				4ABB5B9F1BC8BCB700BEA3EF /* AppDelegate.m in Sources */,
				F98AD2F11C55CBEA001FD5F2 /* GlobalConstants.m in Sources */,
				4ABB5B9C1BC8BCB600BEA3EF /* main.m in Sources */,
				4AF804751C5EE699004BA598 /* LandingViewController.m in Sources */,
				4A12E7A11BFB0EEA000ECD59 /* UserMenuViewController.m in Sources */,
				4AB9489A1BD2F746002FEDE0 /* SinglePhotoViewController.m in Sources */,
				4AC9A8771C4F75820096350D /* RelationshipMatchViewController.m in Sources */,
				4A12E7A71BFC32EB000ECD59 /* ProfileViewController.m in Sources */,
				4AC91BE51C60B08C0078CBD0 /* CERangeSliderTrackLayer.m in Sources */,
				F98AD2F81C55D09E001FD5F2 /* NSMutableData+AES.m in Sources */,
				4AFC396F1C099D38004E7262 /* SettingsViewController.m in Sources */,
				4A86E7A41BCF709800DF3F8A /* PhotosCollectionViewCell.m in Sources */,
				4ADCA12D1C1E9804002A018B /* DraggableView.m in Sources */,
				4AC91BDF1C6091120078CBD0 /* CERangeSlider.m in Sources */,
				4A46C3011BF6F34000FF9B46 /* ProfilePictureViewController.m in Sources */,
				F98AD2FA1C55D09E001FD5F2 /* NSString+URLEncoding.m in Sources */,
				4A12DE501C4C6EEC0068D79C /* UserData.m in Sources */,
				4ADCA12F1C1E9804002A018B /* OverlayView.m in Sources */,
				4A0B08131C58500F0097C72C /* PhotosViewController.m in Sources */,
				4A8606641C598394006D4E4D /* BioInfoViewController.m in Sources */,
				4A01F7DB1C58C5980011C9A9 /* FBAlbumsViewController.m in Sources */,
				F98AD2FD1C55D157001FD5F2 /* OAuthSecurity.m in Sources */,
			);
			runOnlyForDeploymentPostprocessing = 0;
		};
		4ABB5BAF1BC8BCB700BEA3EF /* Sources */ = {
			isa = PBXSourcesBuildPhase;
			buildActionMask = 2147483647;
			files = (
				4ABB5BB81BC8BCB700BEA3EF /* portalTests.m in Sources */,
			);
			runOnlyForDeploymentPostprocessing = 0;
		};
		4ABB5BBA1BC8BCB700BEA3EF /* Sources */ = {
			isa = PBXSourcesBuildPhase;
			buildActionMask = 2147483647;
			files = (
				4ABB5BC31BC8BCB700BEA3EF /* portalUITests.m in Sources */,
			);
			runOnlyForDeploymentPostprocessing = 0;
		};
/* End PBXSourcesBuildPhase section */

/* Begin PBXTargetDependency section */
		4ABB5BB51BC8BCB700BEA3EF /* PBXTargetDependency */ = {
			isa = PBXTargetDependency;
			target = 4ABB5B961BC8BCB600BEA3EF /* pairedUP */;
			targetProxy = 4ABB5BB41BC8BCB700BEA3EF /* PBXContainerItemProxy */;
		};
		4ABB5BC01BC8BCB700BEA3EF /* PBXTargetDependency */ = {
			isa = PBXTargetDependency;
			target = 4ABB5B961BC8BCB600BEA3EF /* pairedUP */;
			targetProxy = 4ABB5BBF1BC8BCB700BEA3EF /* PBXContainerItemProxy */;
		};
/* End PBXTargetDependency section */

/* Begin PBXVariantGroup section */
		4ABB5BAB1BC8BCB700BEA3EF /* LaunchScreen.storyboard */ = {
			isa = PBXVariantGroup;
			children = (
				4ABB5BAC1BC8BCB700BEA3EF /* Base */,
			);
			name = LaunchScreen.storyboard;
			sourceTree = "<group>";
		};
/* End PBXVariantGroup section */

/* Begin XCBuildConfiguration section */
		4ABB5BC51BC8BCB700BEA3EF /* Debug */ = {
			isa = XCBuildConfiguration;
			buildSettings = {
				ALWAYS_SEARCH_USER_PATHS = NO;
				CLANG_CXX_LANGUAGE_STANDARD = "gnu++0x";
				CLANG_CXX_LIBRARY = "libc++";
				CLANG_ENABLE_MODULES = YES;
				CLANG_ENABLE_OBJC_ARC = YES;
				CLANG_WARN_BOOL_CONVERSION = YES;
				CLANG_WARN_CONSTANT_CONVERSION = YES;
				CLANG_WARN_DIRECT_OBJC_ISA_USAGE = YES_ERROR;
				CLANG_WARN_EMPTY_BODY = YES;
				CLANG_WARN_ENUM_CONVERSION = YES;
				CLANG_WARN_INT_CONVERSION = YES;
				CLANG_WARN_OBJC_ROOT_CLASS = YES_ERROR;
				CLANG_WARN_UNREACHABLE_CODE = YES;
				CLANG_WARN__DUPLICATE_METHOD_MATCH = YES;
				"CODE_SIGN_IDENTITY[sdk=iphoneos*]" = "iPhone Developer";
				COPY_PHASE_STRIP = NO;
				DEBUG_INFORMATION_FORMAT = dwarf;
				ENABLE_BITCODE = YES;
				ENABLE_STRICT_OBJC_MSGSEND = YES;
				ENABLE_TESTABILITY = YES;
				GCC_C_LANGUAGE_STANDARD = gnu99;
				GCC_DYNAMIC_NO_PIC = NO;
				GCC_NO_COMMON_BLOCKS = YES;
				GCC_OPTIMIZATION_LEVEL = 0;
				GCC_PREPROCESSOR_DEFINITIONS = (
					"DEBUG=1",
					"$(inherited)",
				);
				GCC_WARN_64_TO_32_BIT_CONVERSION = YES;
				GCC_WARN_ABOUT_RETURN_TYPE = YES_ERROR;
				GCC_WARN_UNDECLARED_SELECTOR = YES;
				GCC_WARN_UNINITIALIZED_AUTOS = YES_AGGRESSIVE;
				GCC_WARN_UNUSED_FUNCTION = YES;
				GCC_WARN_UNUSED_VARIABLE = YES;
				IPHONEOS_DEPLOYMENT_TARGET = 9.1;
				MTL_ENABLE_DEBUG_INFO = YES;
				ONLY_ACTIVE_ARCH = YES;
				OTHER_LDFLAGS = "$(OTHER_LDFLAGS)";
				SDKROOT = iphoneos;
				USER_HEADER_SEARCH_PATHS = "";
			};
			name = Debug;
		};
		4ABB5BC61BC8BCB700BEA3EF /* Release */ = {
			isa = XCBuildConfiguration;
			buildSettings = {
				ALWAYS_SEARCH_USER_PATHS = NO;
				CLANG_CXX_LANGUAGE_STANDARD = "gnu++0x";
				CLANG_CXX_LIBRARY = "libc++";
				CLANG_ENABLE_MODULES = YES;
				CLANG_ENABLE_OBJC_ARC = YES;
				CLANG_WARN_BOOL_CONVERSION = YES;
				CLANG_WARN_CONSTANT_CONVERSION = YES;
				CLANG_WARN_DIRECT_OBJC_ISA_USAGE = YES_ERROR;
				CLANG_WARN_EMPTY_BODY = YES;
				CLANG_WARN_ENUM_CONVERSION = YES;
				CLANG_WARN_INT_CONVERSION = YES;
				CLANG_WARN_OBJC_ROOT_CLASS = YES_ERROR;
				CLANG_WARN_UNREACHABLE_CODE = YES;
				CLANG_WARN__DUPLICATE_METHOD_MATCH = YES;
				"CODE_SIGN_IDENTITY[sdk=iphoneos*]" = "iPhone Developer";
				COPY_PHASE_STRIP = NO;
				DEBUG_INFORMATION_FORMAT = "dwarf-with-dsym";
				ENABLE_BITCODE = YES;
				ENABLE_NS_ASSERTIONS = NO;
				ENABLE_STRICT_OBJC_MSGSEND = YES;
				GCC_C_LANGUAGE_STANDARD = gnu99;
				GCC_NO_COMMON_BLOCKS = YES;
				GCC_WARN_64_TO_32_BIT_CONVERSION = YES;
				GCC_WARN_ABOUT_RETURN_TYPE = YES_ERROR;
				GCC_WARN_UNDECLARED_SELECTOR = YES;
				GCC_WARN_UNINITIALIZED_AUTOS = YES_AGGRESSIVE;
				GCC_WARN_UNUSED_FUNCTION = YES;
				GCC_WARN_UNUSED_VARIABLE = YES;
				IPHONEOS_DEPLOYMENT_TARGET = 9.1;
				MTL_ENABLE_DEBUG_INFO = NO;
				ONLY_ACTIVE_ARCH = YES;
				OTHER_LDFLAGS = "$(OTHER_LDFLAGS)";
				SDKROOT = iphoneos;
				USER_HEADER_SEARCH_PATHS = "";
				VALIDATE_PRODUCT = YES;
			};
			name = Release;
		};
		4ABB5BC81BC8BCB700BEA3EF /* Debug */ = {
			isa = XCBuildConfiguration;
			baseConfigurationReference = 1110F5D6FF2B08449712BE0B /* Pods-pairedUP.debug.xcconfig */;
			buildSettings = {
				ASSETCATALOG_COMPILER_APPICON_NAME = AppIcon;
				CODE_SIGN_IDENTITY = "iPhone Developer";
				"CODE_SIGN_IDENTITY[sdk=iphoneos*]" = "iPhone Developer";
				ENABLE_BITCODE = NO;
				FRAMEWORK_SEARCH_PATHS = (
					"$(inherited)",
					"$(PROJECT_DIR)",
				);
				HEADER_SEARCH_PATHS = (
					"$(inherited)",
					"\"${PODS_ROOT}/Headers/Public\"",
					"\"${PODS_ROOT}/Headers/Public/Atlas\"",
					"\"${PODS_ROOT}/Headers/Public/LayerKit\"",
				);
				INFOPLIST_FILE = portal/Info.plist;
				IPHONEOS_DEPLOYMENT_TARGET = 9.0;
				LD_RUNPATH_SEARCH_PATHS = "$(inherited) @executable_path/Frameworks";
				LIBRARY_SEARCH_PATHS = (
					"$(inherited)",
					"$(PROJECT_DIR)/build/Debug-iphoneos",
					"$(SDKROOT)/usr/lib/system",
				);
				ONLY_ACTIVE_ARCH = YES;
				PRODUCT_BUNDLE_IDENTIFIER = "com.Neil-appworld.pairedUP";
				PRODUCT_NAME = pairedUP;
				PROVISIONING_PROFILE = "";
				USER_HEADER_SEARCH_PATHS = "\"$(SRCROOT)/Pods/Headers/\"/**";
				VALID_ARCHS = "armv7 armv7s arm64";
			};
			name = Debug;
		};
		4ABB5BC91BC8BCB700BEA3EF /* Release */ = {
			isa = XCBuildConfiguration;
			baseConfigurationReference = 6667BCF30DF006BB35318E23 /* Pods-pairedUP.release.xcconfig */;
			buildSettings = {
				ASSETCATALOG_COMPILER_APPICON_NAME = AppIcon;
				CODE_SIGN_IDENTITY = "iPhone Developer";
				"CODE_SIGN_IDENTITY[sdk=iphoneos*]" = "iPhone Developer";
				ENABLE_BITCODE = NO;
				FRAMEWORK_SEARCH_PATHS = (
					"$(inherited)",
					"$(PROJECT_DIR)",
				);
				HEADER_SEARCH_PATHS = (
					"$(inherited)",
					"\"${PODS_ROOT}/Headers/Public\"",
					"\"${PODS_ROOT}/Headers/Public/Atlas\"",
					"\"${PODS_ROOT}/Headers/Public/LayerKit\"",
				);
				INFOPLIST_FILE = portal/Info.plist;
				IPHONEOS_DEPLOYMENT_TARGET = 9.0;
				LD_RUNPATH_SEARCH_PATHS = "$(inherited) @executable_path/Frameworks";
				LIBRARY_SEARCH_PATHS = (
					"$(inherited)",
					"$(PROJECT_DIR)/build/Debug-iphoneos",
					"$(SDKROOT)/usr/lib/system",
				);
				ONLY_ACTIVE_ARCH = YES;
				PRODUCT_BUNDLE_IDENTIFIER = "com.Neil-appworld.pairedUP";
				PRODUCT_NAME = pairedUP;
				PROVISIONING_PROFILE = "";
				USER_HEADER_SEARCH_PATHS = "\"$(SRCROOT)/Pods/Headers/\"/**";
				VALID_ARCHS = "armv7 armv7s arm64";
			};
			name = Release;
		};
		4ABB5BCB1BC8BCB700BEA3EF /* Debug */ = {
			isa = XCBuildConfiguration;
			buildSettings = {
				BUNDLE_LOADER = "$(TEST_HOST)";
				INFOPLIST_FILE = portalTests/Info.plist;
				LD_RUNPATH_SEARCH_PATHS = "$(inherited) @executable_path/Frameworks @loader_path/Frameworks";
				ONLY_ACTIVE_ARCH = YES;
				PRODUCT_BUNDLE_IDENTIFIER = "com.Neil-appworld.portalTests";
				PRODUCT_NAME = pairedUP;
				TEST_HOST = "$(BUILT_PRODUCTS_DIR)/pairedUP.app/pairedUP";
				VALID_ARCHS = "armv7 arm64 armv7s";
			};
			name = Debug;
		};
		4ABB5BCC1BC8BCB700BEA3EF /* Release */ = {
			isa = XCBuildConfiguration;
			buildSettings = {
				BUNDLE_LOADER = "$(TEST_HOST)";
				INFOPLIST_FILE = portalTests/Info.plist;
				LD_RUNPATH_SEARCH_PATHS = "$(inherited) @executable_path/Frameworks @loader_path/Frameworks";
				ONLY_ACTIVE_ARCH = YES;
				PRODUCT_BUNDLE_IDENTIFIER = "com.Neil-appworld.portalTests";
				PRODUCT_NAME = pairedUP;
				TEST_HOST = "$(BUILT_PRODUCTS_DIR)/pairedUP.app/pairedUP";
				VALID_ARCHS = "armv7 arm64 armv7s";
			};
			name = Release;
		};
		4ABB5BCE1BC8BCB700BEA3EF /* Debug */ = {
			isa = XCBuildConfiguration;
			buildSettings = {
				INFOPLIST_FILE = portalUITests/Info.plist;
				LD_RUNPATH_SEARCH_PATHS = "$(inherited) @executable_path/Frameworks @loader_path/Frameworks";
				ONLY_ACTIVE_ARCH = YES;
				PRODUCT_BUNDLE_IDENTIFIER = "com.Neil-appworld.portalUITests";
				PRODUCT_NAME = pairedUP;
				TEST_TARGET_NAME = portal;
				USES_XCTRUNNER = YES;
				VALID_ARCHS = "armv7 armv7s arm64";
			};
			name = Debug;
		};
		4ABB5BCF1BC8BCB700BEA3EF /* Release */ = {
			isa = XCBuildConfiguration;
			buildSettings = {
				INFOPLIST_FILE = portalUITests/Info.plist;
				LD_RUNPATH_SEARCH_PATHS = "$(inherited) @executable_path/Frameworks @loader_path/Frameworks";
				ONLY_ACTIVE_ARCH = YES;
				PRODUCT_BUNDLE_IDENTIFIER = "com.Neil-appworld.portalUITests";
				PRODUCT_NAME = pairedUP;
				TEST_TARGET_NAME = portal;
				USES_XCTRUNNER = YES;
				VALID_ARCHS = "armv7 armv7s arm64";
			};
			name = Release;
		};
/* End XCBuildConfiguration section */

/* Begin XCConfigurationList section */
		4ABB5B921BC8BCB600BEA3EF /* Build configuration list for PBXProject "pairedUP" */ = {
			isa = XCConfigurationList;
			buildConfigurations = (
				4ABB5BC51BC8BCB700BEA3EF /* Debug */,
				4ABB5BC61BC8BCB700BEA3EF /* Release */,
			);
			defaultConfigurationIsVisible = 0;
			defaultConfigurationName = Release;
		};
		4ABB5BC71BC8BCB700BEA3EF /* Build configuration list for PBXNativeTarget "pairedUP" */ = {
			isa = XCConfigurationList;
			buildConfigurations = (
				4ABB5BC81BC8BCB700BEA3EF /* Debug */,
				4ABB5BC91BC8BCB700BEA3EF /* Release */,
			);
			defaultConfigurationIsVisible = 0;
			defaultConfigurationName = Release;
		};
		4ABB5BCA1BC8BCB700BEA3EF /* Build configuration list for PBXNativeTarget "pairedUPTests" */ = {
			isa = XCConfigurationList;
			buildConfigurations = (
				4ABB5BCB1BC8BCB700BEA3EF /* Debug */,
				4ABB5BCC1BC8BCB700BEA3EF /* Release */,
			);
			defaultConfigurationIsVisible = 0;
			defaultConfigurationName = Release;
		};
		4ABB5BCD1BC8BCB700BEA3EF /* Build configuration list for PBXNativeTarget "pairedUPUITests" */ = {
			isa = XCConfigurationList;
			buildConfigurations = (
				4ABB5BCE1BC8BCB700BEA3EF /* Debug */,
				4ABB5BCF1BC8BCB700BEA3EF /* Release */,
			);
			defaultConfigurationIsVisible = 0;
			defaultConfigurationName = Release;
		};
/* End XCConfigurationList section */

/* Begin XCVersionGroup section */
		4ABB5BA61BC8BCB700BEA3EF /* portal.xcdatamodeld */ = {
			isa = XCVersionGroup;
			children = (
				4ABB5BA71BC8BCB700BEA3EF /* portal.xcdatamodel */,
			);
			currentVersion = 4ABB5BA71BC8BCB700BEA3EF /* portal.xcdatamodel */;
			path = portal.xcdatamodeld;
			sourceTree = "<group>";
			versionGroupType = wrapper.xcdatamodel;
		};
/* End XCVersionGroup section */
	};
	rootObject = 4ABB5B8F1BC8BCB600BEA3EF /* Project object */;
}
